// !$*UTF8*$!
{
	archiveVersion = 1;
	classes = {
	};
	objectVersion = 46;
	objects = {

/* Begin PBXBuildFile section */
		851AC1331D4B5E2200A64E3B /* main.m in Sources */ = {isa = PBXBuildFile; fileRef = 851AC1321D4B5E2200A64E3B /* main.m */; };
		851AC1361D4B5E2200A64E3B /* AppDelegate.m in Sources */ = {isa = PBXBuildFile; fileRef = 851AC1351D4B5E2200A64E3B /* AppDelegate.m */; };
		851AC1391D4B5E2200A64E3B /* ViewController.m in Sources */ = {isa = PBXBuildFile; fileRef = 851AC1381D4B5E2200A64E3B /* ViewController.m */; };
		851AC13C1D4B5E2200A64E3B /* Main.storyboard in Resources */ = {isa = PBXBuildFile; fileRef = 851AC13A1D4B5E2200A64E3B /* Main.storyboard */; };
		851AC13E1D4B5E2200A64E3B /* Assets.xcassets in Resources */ = {isa = PBXBuildFile; fileRef = 851AC13D1D4B5E2200A64E3B /* Assets.xcassets */; };
		851AC1411D4B5E2200A64E3B /* LaunchScreen.storyboard in Resources */ = {isa = PBXBuildFile; fileRef = 851AC13F1D4B5E2200A64E3B /* LaunchScreen.storyboard */; };
		853159B21D4F3D9D004C2D1A /* YHCarouselView.m in Sources */ = {isa = PBXBuildFile; fileRef = 853159B11D4F3D9D004C2D1A /* YHCarouselView.m */; };
		855FB3601D503ADD004E1460 /* IMG_0010.JPG in Resources */ = {isa = PBXBuildFile; fileRef = 855FB3591D503ADD004E1460 /* IMG_0010.JPG */; };
		855FB3611D503ADD004E1460 /* IMG_0021.JPG in Resources */ = {isa = PBXBuildFile; fileRef = 855FB35A1D503ADD004E1460 /* IMG_0021.JPG */; };
		855FB3621D503ADD004E1460 /* IMG_0023.JPG in Resources */ = {isa = PBXBuildFile; fileRef = 855FB35B1D503ADD004E1460 /* IMG_0023.JPG */; };
		855FB3631D503ADD004E1460 /* IMG_0149.JPG in Resources */ = {isa = PBXBuildFile; fileRef = 855FB35C1D503ADD004E1460 /* IMG_0149.JPG */; };
		855FB3641D503ADD004E1460 /* IMG_0151.JPG in Resources */ = {isa = PBXBuildFile; fileRef = 855FB35D1D503ADD004E1460 /* IMG_0151.JPG */; };
		855FB3651D503ADD004E1460 /* IMG_0166.JPG in Resources */ = {isa = PBXBuildFile; fileRef = 855FB35E1D503ADD004E1460 /* IMG_0166.JPG */; };
		855FB3661D503ADD004E1460 /* pic_default.png in Resources */ = {isa = PBXBuildFile; fileRef = 855FB35F1D503ADD004E1460 /* pic_default.png */; };
		855FB3891D503AE8004E1460 /* MKAnnotationView+WebCache.m in Sources */ = {isa = PBXBuildFile; fileRef = 855FB3691D503AE8004E1460 /* MKAnnotationView+WebCache.m */; };
		855FB38A1D503AE8004E1460 /* NSData+ImageContentType.m in Sources */ = {isa = PBXBuildFile; fileRef = 855FB36B1D503AE8004E1460 /* NSData+ImageContentType.m */; };
		855FB38B1D503AE8004E1460 /* SDImageCache.m in Sources */ = {isa = PBXBuildFile; fileRef = 855FB36D1D503AE8004E1460 /* SDImageCache.m */; };
		855FB38C1D503AE8004E1460 /* SDWebImageCompat.m in Sources */ = {isa = PBXBuildFile; fileRef = 855FB36F1D503AE8004E1460 /* SDWebImageCompat.m */; };
		855FB38D1D503AE8004E1460 /* SDWebImageDecoder.m in Sources */ = {isa = PBXBuildFile; fileRef = 855FB3711D503AE8004E1460 /* SDWebImageDecoder.m */; };
		855FB38E1D503AE8004E1460 /* SDWebImageDownloader.m in Sources */ = {isa = PBXBuildFile; fileRef = 855FB3731D503AE8004E1460 /* SDWebImageDownloader.m */; };
		855FB38F1D503AE8004E1460 /* SDWebImageDownloaderOperation.m in Sources */ = {isa = PBXBuildFile; fileRef = 855FB3751D503AE8004E1460 /* SDWebImageDownloaderOperation.m */; };
		855FB3901D503AE8004E1460 /* SDWebImageManager.m in Sources */ = {isa = PBXBuildFile; fileRef = 855FB3771D503AE8004E1460 /* SDWebImageManager.m */; };
		855FB3911D503AE8004E1460 /* SDWebImagePrefetcher.m in Sources */ = {isa = PBXBuildFile; fileRef = 855FB37A1D503AE8004E1460 /* SDWebImagePrefetcher.m */; };
		855FB3921D503AE8004E1460 /* UIButton+WebCache.m in Sources */ = {isa = PBXBuildFile; fileRef = 855FB37C1D503AE8004E1460 /* UIButton+WebCache.m */; };
		855FB3931D503AE8004E1460 /* UIImage+GIF.m in Sources */ = {isa = PBXBuildFile; fileRef = 855FB37E1D503AE8004E1460 /* UIImage+GIF.m */; };
		855FB3941D503AE8004E1460 /* UIImage+MultiFormat.m in Sources */ = {isa = PBXBuildFile; fileRef = 855FB3801D503AE8004E1460 /* UIImage+MultiFormat.m */; };
		855FB3951D503AE8004E1460 /* UIImage+WebP.m in Sources */ = {isa = PBXBuildFile; fileRef = 855FB3821D503AE8004E1460 /* UIImage+WebP.m */; };
		855FB3961D503AE8004E1460 /* UIImageView+HighlightedWebCache.m in Sources */ = {isa = PBXBuildFile; fileRef = 855FB3841D503AE8004E1460 /* UIImageView+HighlightedWebCache.m */; };
		855FB3971D503AE8004E1460 /* UIImageView+WebCache.m in Sources */ = {isa = PBXBuildFile; fileRef = 855FB3861D503AE8004E1460 /* UIImageView+WebCache.m */; };
		855FB3981D503AE8004E1460 /* UIView+WebCacheOperation.m in Sources */ = {isa = PBXBuildFile; fileRef = 855FB3881D503AE8004E1460 /* UIView+WebCacheOperation.m */; };
		855FB39B1D503B42004E1460 /* CarouselViewController.m in Sources */ = {isa = PBXBuildFile; fileRef = 855FB39A1D503B42004E1460 /* CarouselViewController.m */; };
		855FB39E1D503F17004E1460 /* BaseViewController.m in Sources */ = {isa = PBXBuildFile; fileRef = 855FB39D1D503F17004E1460 /* BaseViewController.m */; };
/* End PBXBuildFile section */

/* Begin PBXFileReference section */
		851AC12E1D4B5E2200A64E3B /* KitDemo.app */ = {isa = PBXFileReference; explicitFileType = wrapper.application; includeInIndex = 0; path = KitDemo.app; sourceTree = BUILT_PRODUCTS_DIR; };
		851AC1321D4B5E2200A64E3B /* main.m */ = {isa = PBXFileReference; lastKnownFileType = sourcecode.c.objc; path = main.m; sourceTree = "<group>"; };
		851AC1341D4B5E2200A64E3B /* AppDelegate.h */ = {isa = PBXFileReference; lastKnownFileType = sourcecode.c.h; path = AppDelegate.h; sourceTree = "<group>"; };
		851AC1351D4B5E2200A64E3B /* AppDelegate.m */ = {isa = PBXFileReference; lastKnownFileType = sourcecode.c.objc; path = AppDelegate.m; sourceTree = "<group>"; };
		851AC1371D4B5E2200A64E3B /* ViewController.h */ = {isa = PBXFileReference; lastKnownFileType = sourcecode.c.h; path = ViewController.h; sourceTree = "<group>"; };
		851AC1381D4B5E2200A64E3B /* ViewController.m */ = {isa = PBXFileReference; lastKnownFileType = sourcecode.c.objc; path = ViewController.m; sourceTree = "<group>"; };
		851AC13B1D4B5E2200A64E3B /* Base */ = {isa = PBXFileReference; lastKnownFileType = file.storyboard; name = Base; path = Base.lproj/Main.storyboard; sourceTree = "<group>"; };
		851AC13D1D4B5E2200A64E3B /* Assets.xcassets */ = {isa = PBXFileReference; lastKnownFileType = folder.assetcatalog; path = Assets.xcassets; sourceTree = "<group>"; };
		851AC1401D4B5E2200A64E3B /* Base */ = {isa = PBXFileReference; lastKnownFileType = file.storyboard; name = Base; path = Base.lproj/LaunchScreen.storyboard; sourceTree = "<group>"; };
		851AC1421D4B5E2200A64E3B /* Info.plist */ = {isa = PBXFileReference; lastKnownFileType = text.plist.xml; path = Info.plist; sourceTree = "<group>"; };
		853159B01D4F3D9D004C2D1A /* YHCarouselView.h */ = {isa = PBXFileReference; fileEncoding = 4; lastKnownFileType = sourcecode.c.h; path = YHCarouselView.h; sourceTree = "<group>"; };
		853159B11D4F3D9D004C2D1A /* YHCarouselView.m */ = {isa = PBXFileReference; fileEncoding = 4; lastKnownFileType = sourcecode.c.objc; path = YHCarouselView.m; sourceTree = "<group>"; };
		855FB3591D503ADD004E1460 /* IMG_0010.JPG */ = {isa = PBXFileReference; lastKnownFileType = image.jpeg; path = IMG_0010.JPG; sourceTree = "<group>"; };
		855FB35A1D503ADD004E1460 /* IMG_0021.JPG */ = {isa = PBXFileReference; lastKnownFileType = image.jpeg; path = IMG_0021.JPG; sourceTree = "<group>"; };
		855FB35B1D503ADD004E1460 /* IMG_0023.JPG */ = {isa = PBXFileReference; lastKnownFileType = image.jpeg; path = IMG_0023.JPG; sourceTree = "<group>"; };
		855FB35C1D503ADD004E1460 /* IMG_0149.JPG */ = {isa = PBXFileReference; lastKnownFileType = image.jpeg; path = IMG_0149.JPG; sourceTree = "<group>"; };
		855FB35D1D503ADD004E1460 /* IMG_0151.JPG */ = {isa = PBXFileReference; lastKnownFileType = image.jpeg; path = IMG_0151.JPG; sourceTree = "<group>"; };
		855FB35E1D503ADD004E1460 /* IMG_0166.JPG */ = {isa = PBXFileReference; lastKnownFileType = image.jpeg; path = IMG_0166.JPG; sourceTree = "<group>"; };
		855FB35F1D503ADD004E1460 /* pic_default.png */ = {isa = PBXFileReference; lastKnownFileType = image.png; path = pic_default.png; sourceTree = "<group>"; };
		855FB3681D503AE8004E1460 /* MKAnnotationView+WebCache.h */ = {isa = PBXFileReference; fileEncoding = 4; lastKnownFileType = sourcecode.c.h; path = "MKAnnotationView+WebCache.h"; sourceTree = "<group>"; };
		855FB3691D503AE8004E1460 /* MKAnnotationView+WebCache.m */ = {isa = PBXFileReference; fileEncoding = 4; lastKnownFileType = sourcecode.c.objc; path = "MKAnnotationView+WebCache.m"; sourceTree = "<group>"; };
		855FB36A1D503AE8004E1460 /* NSData+ImageContentType.h */ = {isa = PBXFileReference; fileEncoding = 4; lastKnownFileType = sourcecode.c.h; path = "NSData+ImageContentType.h"; sourceTree = "<group>"; };
		855FB36B1D503AE8004E1460 /* NSData+ImageContentType.m */ = {isa = PBXFileReference; fileEncoding = 4; lastKnownFileType = sourcecode.c.objc; path = "NSData+ImageContentType.m"; sourceTree = "<group>"; };
		855FB36C1D503AE8004E1460 /* SDImageCache.h */ = {isa = PBXFileReference; fileEncoding = 4; lastKnownFileType = sourcecode.c.h; path = SDImageCache.h; sourceTree = "<group>"; };
		855FB36D1D503AE8004E1460 /* SDImageCache.m */ = {isa = PBXFileReference; fileEncoding = 4; lastKnownFileType = sourcecode.c.objc; path = SDImageCache.m; sourceTree = "<group>"; };
		855FB36E1D503AE8004E1460 /* SDWebImageCompat.h */ = {isa = PBXFileReference; fileEncoding = 4; lastKnownFileType = sourcecode.c.h; path = SDWebImageCompat.h; sourceTree = "<group>"; };
		855FB36F1D503AE8004E1460 /* SDWebImageCompat.m */ = {isa = PBXFileReference; fileEncoding = 4; lastKnownFileType = sourcecode.c.objc; path = SDWebImageCompat.m; sourceTree = "<group>"; };
		855FB3701D503AE8004E1460 /* SDWebImageDecoder.h */ = {isa = PBXFileReference; fileEncoding = 4; lastKnownFileType = sourcecode.c.h; path = SDWebImageDecoder.h; sourceTree = "<group>"; };
		855FB3711D503AE8004E1460 /* SDWebImageDecoder.m */ = {isa = PBXFileReference; fileEncoding = 4; lastKnownFileType = sourcecode.c.objc; path = SDWebImageDecoder.m; sourceTree = "<group>"; };
		855FB3721D503AE8004E1460 /* SDWebImageDownloader.h */ = {isa = PBXFileReference; fileEncoding = 4; lastKnownFileType = sourcecode.c.h; path = SDWebImageDownloader.h; sourceTree = "<group>"; };
		855FB3731D503AE8004E1460 /* SDWebImageDownloader.m */ = {isa = PBXFileReference; fileEncoding = 4; lastKnownFileType = sourcecode.c.objc; path = SDWebImageDownloader.m; sourceTree = "<group>"; };
		855FB3741D503AE8004E1460 /* SDWebImageDownloaderOperation.h */ = {isa = PBXFileReference; fileEncoding = 4; lastKnownFileType = sourcecode.c.h; path = SDWebImageDownloaderOperation.h; sourceTree = "<group>"; };
		855FB3751D503AE8004E1460 /* SDWebImageDownloaderOperation.m */ = {isa = PBXFileReference; fileEncoding = 4; lastKnownFileType = sourcecode.c.objc; path = SDWebImageDownloaderOperation.m; sourceTree = "<group>"; };
		855FB3761D503AE8004E1460 /* SDWebImageManager.h */ = {isa = PBXFileReference; fileEncoding = 4; lastKnownFileType = sourcecode.c.h; path = SDWebImageManager.h; sourceTree = "<group>"; };
		855FB3771D503AE8004E1460 /* SDWebImageManager.m */ = {isa = PBXFileReference; fileEncoding = 4; lastKnownFileType = sourcecode.c.objc; path = SDWebImageManager.m; sourceTree = "<group>"; };
		855FB3781D503AE8004E1460 /* SDWebImageOperation.h */ = {isa = PBXFileReference; fileEncoding = 4; lastKnownFileType = sourcecode.c.h; path = SDWebImageOperation.h; sourceTree = "<group>"; };
		855FB3791D503AE8004E1460 /* SDWebImagePrefetcher.h */ = {isa = PBXFileReference; fileEncoding = 4; lastKnownFileType = sourcecode.c.h; path = SDWebImagePrefetcher.h; sourceTree = "<group>"; };
		855FB37A1D503AE8004E1460 /* SDWebImagePrefetcher.m */ = {isa = PBXFileReference; fileEncoding = 4; lastKnownFileType = sourcecode.c.objc; path = SDWebImagePrefetcher.m; sourceTree = "<group>"; };
		855FB37B1D503AE8004E1460 /* UIButton+WebCache.h */ = {isa = PBXFileReference; fileEncoding = 4; lastKnownFileType = sourcecode.c.h; path = "UIButton+WebCache.h"; sourceTree = "<group>"; };
		855FB37C1D503AE8004E1460 /* UIButton+WebCache.m */ = {isa = PBXFileReference; fileEncoding = 4; lastKnownFileType = sourcecode.c.objc; path = "UIButton+WebCache.m"; sourceTree = "<group>"; };
		855FB37D1D503AE8004E1460 /* UIImage+GIF.h */ = {isa = PBXFileReference; fileEncoding = 4; lastKnownFileType = sourcecode.c.h; path = "UIImage+GIF.h"; sourceTree = "<group>"; };
		855FB37E1D503AE8004E1460 /* UIImage+GIF.m */ = {isa = PBXFileReference; fileEncoding = 4; lastKnownFileType = sourcecode.c.objc; path = "UIImage+GIF.m"; sourceTree = "<group>"; };
		855FB37F1D503AE8004E1460 /* UIImage+MultiFormat.h */ = {isa = PBXFileReference; fileEncoding = 4; lastKnownFileType = sourcecode.c.h; path = "UIImage+MultiFormat.h"; sourceTree = "<group>"; };
		855FB3801D503AE8004E1460 /* UIImage+MultiFormat.m */ = {isa = PBXFileReference; fileEncoding = 4; lastKnownFileType = sourcecode.c.objc; path = "UIImage+MultiFormat.m"; sourceTree = "<group>"; };
		855FB3811D503AE8004E1460 /* UIImage+WebP.h */ = {isa = PBXFileReference; fileEncoding = 4; lastKnownFileType = sourcecode.c.h; path = "UIImage+WebP.h"; sourceTree = "<group>"; };
		855FB3821D503AE8004E1460 /* UIImage+WebP.m */ = {isa = PBXFileReference; fileEncoding = 4; lastKnownFileType = sourcecode.c.objc; path = "UIImage+WebP.m"; sourceTree = "<group>"; };
		855FB3831D503AE8004E1460 /* UIImageView+HighlightedWebCache.h */ = {isa = PBXFileReference; fileEncoding = 4; lastKnownFileType = sourcecode.c.h; path = "UIImageView+HighlightedWebCache.h"; sourceTree = "<group>"; };
		855FB3841D503AE8004E1460 /* UIImageView+HighlightedWebCache.m */ = {isa = PBXFileReference; fileEncoding = 4; lastKnownFileType = sourcecode.c.objc; path = "UIImageView+HighlightedWebCache.m"; sourceTree = "<group>"; };
		855FB3851D503AE8004E1460 /* UIImageView+WebCache.h */ = {isa = PBXFileReference; fileEncoding = 4; lastKnownFileType = sourcecode.c.h; path = "UIImageView+WebCache.h"; sourceTree = "<group>"; };
		855FB3861D503AE8004E1460 /* UIImageView+WebCache.m */ = {isa = PBXFileReference; fileEncoding = 4; lastKnownFileType = sourcecode.c.objc; path = "UIImageView+WebCache.m"; sourceTree = "<group>"; };
		855FB3871D503AE8004E1460 /* UIView+WebCacheOperation.h */ = {isa = PBXFileReference; fileEncoding = 4; lastKnownFileType = sourcecode.c.h; path = "UIView+WebCacheOperation.h"; sourceTree = "<group>"; };
		855FB3881D503AE8004E1460 /* UIView+WebCacheOperation.m */ = {isa = PBXFileReference; fileEncoding = 4; lastKnownFileType = sourcecode.c.objc; path = "UIView+WebCacheOperation.m"; sourceTree = "<group>"; };
		855FB3991D503B42004E1460 /* CarouselViewController.h */ = {isa = PBXFileReference; fileEncoding = 4; lastKnownFileType = sourcecode.c.h; path = CarouselViewController.h; sourceTree = "<group>"; };
		855FB39A1D503B42004E1460 /* CarouselViewController.m */ = {isa = PBXFileReference; fileEncoding = 4; lastKnownFileType = sourcecode.c.objc; path = CarouselViewController.m; sourceTree = "<group>"; };
		855FB39C1D503F17004E1460 /* BaseViewController.h */ = {isa = PBXFileReference; fileEncoding = 4; lastKnownFileType = sourcecode.c.h; path = BaseViewController.h; sourceTree = "<group>"; };
		855FB39D1D503F17004E1460 /* BaseViewController.m */ = {isa = PBXFileReference; fileEncoding = 4; lastKnownFileType = sourcecode.c.objc; path = BaseViewController.m; sourceTree = "<group>"; };
/* End PBXFileReference section */

/* Begin PBXFrameworksBuildPhase section */
		851AC12B1D4B5E2200A64E3B /* Frameworks */ = {
			isa = PBXFrameworksBuildPhase;
			buildActionMask = 2147483647;
			files = (
			);
			runOnlyForDeploymentPostprocessing = 0;
		};
/* End PBXFrameworksBuildPhase section */

/* Begin PBXGroup section */
		851AC1251D4B5E2200A64E3B = {
			isa = PBXGroup;
			children = (
				851AC1301D4B5E2200A64E3B /* KitDemo */,
				851AC12F1D4B5E2200A64E3B /* Products */,
			);
			sourceTree = "<group>";
		};
		851AC12F1D4B5E2200A64E3B /* Products */ = {
			isa = PBXGroup;
			children = (
				851AC12E1D4B5E2200A64E3B /* KitDemo.app */,
			);
			name = Products;
			sourceTree = "<group>";
		};
		851AC1301D4B5E2200A64E3B /* KitDemo */ = {
			isa = PBXGroup;
			children = (
				851AC1341D4B5E2200A64E3B /* AppDelegate.h */,
				851AC1351D4B5E2200A64E3B /* AppDelegate.m */,
				851AC1371D4B5E2200A64E3B /* ViewController.h */,
				851AC1381D4B5E2200A64E3B /* ViewController.m */,
				855FB39C1D503F17004E1460 /* BaseViewController.h */,
				855FB39D1D503F17004E1460 /* BaseViewController.m */,
				855FB3991D503B42004E1460 /* CarouselViewController.h */,
				855FB39A1D503B42004E1460 /* CarouselViewController.m */,
				855FB3581D503AA3004E1460 /* Images */,
				855FB3561D503A7A004E1460 /* Extensions */,
				851AC1481D4B5E3300A64E3B /* Kit */,
				851AC13A1D4B5E2200A64E3B /* Main.storyboard */,
				851AC13D1D4B5E2200A64E3B /* Assets.xcassets */,
				851AC13F1D4B5E2200A64E3B /* LaunchScreen.storyboard */,
				851AC1421D4B5E2200A64E3B /* Info.plist */,
				851AC1311D4B5E2200A64E3B /* Supporting Files */,
			);
			path = KitDemo;
			sourceTree = "<group>";
		};
		851AC1311D4B5E2200A64E3B /* Supporting Files */ = {
			isa = PBXGroup;
			children = (
				851AC1321D4B5E2200A64E3B /* main.m */,
			);
			name = "Supporting Files";
			sourceTree = "<group>";
		};
		851AC1481D4B5E3300A64E3B /* Kit */ = {
			isa = PBXGroup;
			children = (
				853159AF1D4F3D9D004C2D1A /* CarouselImage */,
			);
			path = Kit;
			sourceTree = "<group>";
		};
		853159AF1D4F3D9D004C2D1A /* CarouselImage */ = {
			isa = PBXGroup;
			children = (
				853159B01D4F3D9D004C2D1A /* YHCarouselView.h */,
				853159B11D4F3D9D004C2D1A /* YHCarouselView.m */,
			);
			path = CarouselImage;
			sourceTree = "<group>";
		};
		855FB3561D503A7A004E1460 /* Extensions */ = {
			isa = PBXGroup;
			children = (
				855FB3671D503AE8004E1460 /* SDWebImage */,
			);
			path = Extensions;
			sourceTree = "<group>";
		};
		855FB3581D503AA3004E1460 /* Images */ = {
			isa = PBXGroup;
			children = (
				855FB3591D503ADD004E1460 /* IMG_0010.JPG */,
				855FB35A1D503ADD004E1460 /* IMG_0021.JPG */,
				855FB35B1D503ADD004E1460 /* IMG_0023.JPG */,
				855FB35C1D503ADD004E1460 /* IMG_0149.JPG */,
				855FB35D1D503ADD004E1460 /* IMG_0151.JPG */,
				855FB35E1D503ADD004E1460 /* IMG_0166.JPG */,
				855FB35F1D503ADD004E1460 /* pic_default.png */,
			);
			path = Images;
			sourceTree = "<group>";
		};
		855FB3671D503AE8004E1460 /* SDWebImage */ = {
			isa = PBXGroup;
			children = (
				855FB3681D503AE8004E1460 /* MKAnnotationView+WebCache.h */,
				855FB3691D503AE8004E1460 /* MKAnnotationView+WebCache.m */,
				855FB36A1D503AE8004E1460 /* NSData+ImageContentType.h */,
				855FB36B1D503AE8004E1460 /* NSData+ImageContentType.m */,
				855FB36C1D503AE8004E1460 /* SDImageCache.h */,
				855FB36D1D503AE8004E1460 /* SDImageCache.m */,
				855FB36E1D503AE8004E1460 /* SDWebImageCompat.h */,
				855FB36F1D503AE8004E1460 /* SDWebImageCompat.m */,
				855FB3701D503AE8004E1460 /* SDWebImageDecoder.h */,
				855FB3711D503AE8004E1460 /* SDWebImageDecoder.m */,
				855FB3721D503AE8004E1460 /* SDWebImageDownloader.h */,
				855FB3731D503AE8004E1460 /* SDWebImageDownloader.m */,
				855FB3741D503AE8004E1460 /* SDWebImageDownloaderOperation.h */,
				855FB3751D503AE8004E1460 /* SDWebImageDownloaderOperation.m */,
				855FB3761D503AE8004E1460 /* SDWebImageManager.h */,
				855FB3771D503AE8004E1460 /* SDWebImageManager.m */,
				855FB3781D503AE8004E1460 /* SDWebImageOperation.h */,
				855FB3791D503AE8004E1460 /* SDWebImagePrefetcher.h */,
				855FB37A1D503AE8004E1460 /* SDWebImagePrefetcher.m */,
				855FB37B1D503AE8004E1460 /* UIButton+WebCache.h */,
				855FB37C1D503AE8004E1460 /* UIButton+WebCache.m */,
				855FB37D1D503AE8004E1460 /* UIImage+GIF.h */,
				855FB37E1D503AE8004E1460 /* UIImage+GIF.m */,
				855FB37F1D503AE8004E1460 /* UIImage+MultiFormat.h */,
				855FB3801D503AE8004E1460 /* UIImage+MultiFormat.m */,
				855FB3811D503AE8004E1460 /* UIImage+WebP.h */,
				855FB3821D503AE8004E1460 /* UIImage+WebP.m */,
				855FB3831D503AE8004E1460 /* UIImageView+HighlightedWebCache.h */,
				855FB3841D503AE8004E1460 /* UIImageView+HighlightedWebCache.m */,
				855FB3851D503AE8004E1460 /* UIImageView+WebCache.h */,
				855FB3861D503AE8004E1460 /* UIImageView+WebCache.m */,
				855FB3871D503AE8004E1460 /* UIView+WebCacheOperation.h */,
				855FB3881D503AE8004E1460 /* UIView+WebCacheOperation.m */,
			);
			path = SDWebImage;
			sourceTree = "<group>";
		};
/* End PBXGroup section */

/* Begin PBXNativeTarget section */
		851AC12D1D4B5E2200A64E3B /* KitDemo */ = {
			isa = PBXNativeTarget;
			buildConfigurationList = 851AC1451D4B5E2200A64E3B /* Build configuration list for PBXNativeTarget "KitDemo" */;
			buildPhases = (
				851AC12A1D4B5E2200A64E3B /* Sources */,
				851AC12B1D4B5E2200A64E3B /* Frameworks */,
				851AC12C1D4B5E2200A64E3B /* Resources */,
			);
			buildRules = (
			);
			dependencies = (
			);
			name = KitDemo;
			productName = KitDemo;
			productReference = 851AC12E1D4B5E2200A64E3B /* KitDemo.app */;
			productType = "com.apple.product-type.application";
		};
/* End PBXNativeTarget section */

/* Begin PBXProject section */
		851AC1261D4B5E2200A64E3B /* Project object */ = {
			isa = PBXProject;
			attributes = {
				LastUpgradeCheck = 0730;
				ORGANIZATIONNAME = redye;
				TargetAttributes = {
					851AC12D1D4B5E2200A64E3B = {
						CreatedOnToolsVersion = 7.3.1;
						DevelopmentTeam = 58A2U6L78Y;
					};
				};
			};
			buildConfigurationList = 851AC1291D4B5E2200A64E3B /* Build configuration list for PBXProject "KitDemo" */;
			compatibilityVersion = "Xcode 3.2";
			developmentRegion = English;
			hasScannedForEncodings = 0;
			knownRegions = (
				en,
				Base,
			);
			mainGroup = 851AC1251D4B5E2200A64E3B;
			productRefGroup = 851AC12F1D4B5E2200A64E3B /* Products */;
			projectDirPath = "";
			projectRoot = "";
			targets = (
				851AC12D1D4B5E2200A64E3B /* KitDemo */,
			);
		};
/* End PBXProject section */

/* Begin PBXResourcesBuildPhase section */
		851AC12C1D4B5E2200A64E3B /* Resources */ = {
			isa = PBXResourcesBuildPhase;
			buildActionMask = 2147483647;
			files = (
				855FB3661D503ADD004E1460 /* pic_default.png in Resources */,
				855FB3651D503ADD004E1460 /* IMG_0166.JPG in Resources */,
				855FB3621D503ADD004E1460 /* IMG_0023.JPG in Resources */,
				855FB3601D503ADD004E1460 /* IMG_0010.JPG in Resources */,
				851AC1411D4B5E2200A64E3B /* LaunchScreen.storyboard in Resources */,
				851AC13E1D4B5E2200A64E3B /* Assets.xcassets in Resources */,
				855FB3611D503ADD004E1460 /* IMG_0021.JPG in Resources */,
				855FB3631D503ADD004E1460 /* IMG_0149.JPG in Resources */,
				855FB3641D503ADD004E1460 /* IMG_0151.JPG in Resources */,
				851AC13C1D4B5E2200A64E3B /* Main.storyboard in Resources */,
			);
			runOnlyForDeploymentPostprocessing = 0;
		};
/* End PBXResourcesBuildPhase section */

/* Begin PBXSourcesBuildPhase section */
		851AC12A1D4B5E2200A64E3B /* Sources */ = {
			isa = PBXSourcesBuildPhase;
			buildActionMask = 2147483647;
			files = (
				855FB3961D503AE8004E1460 /* UIImageView+HighlightedWebCache.m in Sources */,
				855FB3941D503AE8004E1460 /* UIImage+MultiFormat.m in Sources */,
				855FB38F1D503AE8004E1460 /* SDWebImageDownloaderOperation.m in Sources */,
				851AC1391D4B5E2200A64E3B /* ViewController.m in Sources */,
				855FB38C1D503AE8004E1460 /* SDWebImageCompat.m in Sources */,
				855FB3931D503AE8004E1460 /* UIImage+GIF.m in Sources */,
				855FB39B1D503B42004E1460 /* CarouselViewController.m in Sources */,
				855FB3911D503AE8004E1460 /* SDWebImagePrefetcher.m in Sources */,
				851AC1361D4B5E2200A64E3B /* AppDelegate.m in Sources */,
				851AC1331D4B5E2200A64E3B /* main.m in Sources */,
				855FB3951D503AE8004E1460 /* UIImage+WebP.m in Sources */,
				855FB3971D503AE8004E1460 /* UIImageView+WebCache.m in Sources */,
				855FB38E1D503AE8004E1460 /* SDWebImageDownloader.m in Sources */,
				855FB39E1D503F17004E1460 /* BaseViewController.m in Sources */,
				855FB3981D503AE8004E1460 /* UIView+WebCacheOperation.m in Sources */,
				855FB3921D503AE8004E1460 /* UIButton+WebCache.m in Sources */,
				855FB3891D503AE8004E1460 /* MKAnnotationView+WebCache.m in Sources */,
				855FB38A1D503AE8004E1460 /* NSData+ImageContentType.m in Sources */,
				853159B21D4F3D9D004C2D1A /* YHCarouselView.m in Sources */,
				855FB3901D503AE8004E1460 /* SDWebImageManager.m in Sources */,
				855FB38D1D503AE8004E1460 /* SDWebImageDecoder.m in Sources */,
				855FB38B1D503AE8004E1460 /* SDImageCache.m in Sources */,
			);
			runOnlyForDeploymentPostprocessing = 0;
		};
/* End PBXSourcesBuildPhase section */

/* Begin PBXVariantGroup section */
		851AC13A1D4B5E2200A64E3B /* Main.storyboard */ = {
			isa = PBXVariantGroup;
			children = (
				851AC13B1D4B5E2200A64E3B /* Base */,
			);
			name = Main.storyboard;
			sourceTree = "<group>";
		};
		851AC13F1D4B5E2200A64E3B /* LaunchScreen.storyboard */ = {
			isa = PBXVariantGroup;
			children = (
				851AC1401D4B5E2200A64E3B /* Base */,
			);
			name = LaunchScreen.storyboard;
			sourceTree = "<group>";
		};
/* End PBXVariantGroup section */

/* Begin XCBuildConfiguration section */
		851AC1431D4B5E2200A64E3B /* Debug */ = {
			isa = XCBuildConfiguration;
			buildSettings = {
				ALWAYS_SEARCH_USER_PATHS = NO;
				CLANG_ANALYZER_NONNULL = YES;
				CLANG_CXX_LANGUAGE_STANDARD = "gnu++0x";
				CLANG_CXX_LIBRARY = "libc++";
				CLANG_ENABLE_MODULES = YES;
				CLANG_ENABLE_OBJC_ARC = YES;
				CLANG_WARN_BOOL_CONVERSION = YES;
				CLANG_WARN_CONSTANT_CONVERSION = YES;
				CLANG_WARN_DIRECT_OBJC_ISA_USAGE = YES_ERROR;
				CLANG_WARN_EMPTY_BODY = YES;
				CLANG_WARN_ENUM_CONVERSION = YES;
				CLANG_WARN_INT_CONVERSION = YES;
				CLANG_WARN_OBJC_ROOT_CLASS = YES_ERROR;
				CLANG_WARN_UNREACHABLE_CODE = YES;
				CLANG_WARN__DUPLICATE_METHOD_MATCH = YES;
				"CODE_SIGN_IDENTITY[sdk=iphoneos*]" = "iPhone Developer";
				COPY_PHASE_STRIP = NO;
				DEBUG_INFORMATION_FORMAT = dwarf;
				ENABLE_STRICT_OBJC_MSGSEND = YES;
				ENABLE_TESTABILITY = YES;
				GCC_C_LANGUAGE_STANDARD = gnu99;
				GCC_DYNAMIC_NO_PIC = NO;
				GCC_NO_COMMON_BLOCKS = YES;
				GCC_OPTIMIZATION_LEVEL = 0;
				GCC_PREPROCESSOR_DEFINITIONS = (
					"DEBUG=1",
					"$(inherited)",
				);
				GCC_WARN_64_TO_32_BIT_CONVERSION = YES;
				GCC_WARN_ABOUT_RETURN_TYPE = YES_ERROR;
				GCC_WARN_UNDECLARED_SELECTOR = YES;
				GCC_WARN_UNINITIALIZED_AUTOS = YES_AGGRESSIVE;
				GCC_WARN_UNUSED_FUNCTION = YES;
				GCC_WARN_UNUSED_VARIABLE = YES;
				IPHONEOS_DEPLOYMENT_TARGET = 9.3;
				MTL_ENABLE_DEBUG_INFO = YES;
				ONLY_ACTIVE_ARCH = YES;
				SDKROOT = iphoneos;
				TARGETED_DEVICE_FAMILY = "1,2";
			};
			name = Debug;
		};
		851AC1441D4B5E2200A64E3B /* Release */ = {
			isa = XCBuildConfiguration;
			buildSettings = {
				ALWAYS_SEARCH_USER_PATHS = NO;
				CLANG_ANALYZER_NONNULL = YES;
				CLANG_CXX_LANGUAGE_STANDARD = "gnu++0x";
				CLANG_CXX_LIBRARY = "libc++";
				CLANG_ENABLE_MODULES = YES;
				CLANG_ENABLE_OBJC_ARC = YES;
				CLANG_WARN_BOOL_CONVERSION = YES;
				CLANG_WARN_CONSTANT_CONVERSION = YES;
				CLANG_WARN_DIRECT_OBJC_ISA_USAGE = YES_ERROR;
				CLANG_WARN_EMPTY_BODY = YES;
				CLANG_WARN_ENUM_CONVERSION = YES;
				CLANG_WARN_INT_CONVERSION = YES;
				CLANG_WARN_OBJC_ROOT_CLASS = YES_ERROR;
				CLANG_WARN_UNREACHABLE_CODE = YES;
				CLANG_WARN__DUPLICATE_METHOD_MATCH = YES;
				"CODE_SIGN_IDENTITY[sdk=iphoneos*]" = "iPhone Developer";
				COPY_PHASE_STRIP = NO;
				DEBUG_INFORMATION_FORMAT = "dwarf-with-dsym";
				ENABLE_NS_ASSERTIONS = NO;
				ENABLE_STRICT_OBJC_MSGSEND = YES;
				GCC_C_LANGUAGE_STANDARD = gnu99;
				GCC_NO_COMMON_BLOCKS = YES;
				GCC_WARN_64_TO_32_BIT_CONVERSION = YES;
				GCC_WARN_ABOUT_RETURN_TYPE = YES_ERROR;
				GCC_WARN_UNDECLARED_SELECTOR = YES;
				GCC_WARN_UNINITIALIZED_AUTOS = YES_AGGRESSIVE;
				GCC_WARN_UNUSED_FUNCTION = YES;
				GCC_WARN_UNUSED_VARIABLE = YES;
				IPHONEOS_DEPLOYMENT_TARGET = 9.3;
				MTL_ENABLE_DEBUG_INFO = NO;
				SDKROOT = iphoneos;
				TARGETED_DEVICE_FAMILY = "1,2";
				VALIDATE_PRODUCT = YES;
			};
			name = Release;
		};
		851AC1461D4B5E2200A64E3B /* Debug */ = {
			isa = XCBuildConfiguration;
			buildSettings = {
				ASSETCATALOG_COMPILER_APPICON_NAME = AppIcon;
				INFOPLIST_FILE = KitDemo/Info.plist;
				LD_RUNPATH_SEARCH_PATHS = "$(inherited) @executable_path/Frameworks";
				PRODUCT_BUNDLE_IDENTIFIER = com.redye.KitDemo;
				PRODUCT_NAME = "$(TARGET_NAME)";
			};
			name = Debug;
		};
		851AC1471D4B5E2200A64E3B /* Release */ = {
			isa = XCBuildConfiguration;
			buildSettings = {
				ASSETCATALOG_COMPILER_APPICON_NAME = AppIcon;
				INFOPLIST_FILE = KitDemo/Info.plist;
				LD_RUNPATH_SEARCH_PATHS = "$(inherited) @executable_path/Frameworks";
				PRODUCT_BUNDLE_IDENTIFIER = com.redye.KitDemo;
				PRODUCT_NAME = "$(TARGET_NAME)";
			};
			name = Release;
		};
/* End XCBuildConfiguration section */

/* Begin XCConfigurationList section */
		851AC1291D4B5E2200A64E3B /* Build configuration list for PBXProject "KitDemo" */ = {
			isa = XCConfigurationList;
			buildConfigurations = (
				851AC1431D4B5E2200A64E3B /* Debug */,
				851AC1441D4B5E2200A64E3B /* Release */,
			);
			defaultConfigurationIsVisible = 0;
			defaultConfigurationName = Release;
		};
		851AC1451D4B5E2200A64E3B /* Build configuration list for PBXNativeTarget "KitDemo" */ = {
			isa = XCConfigurationList;
			buildConfigurations = (
				851AC1461D4B5E2200A64E3B /* Debug */,
				851AC1471D4B5E2200A64E3B /* Release */,
			);
			defaultConfigurationIsVisible = 0;
			defaultConfigurationName = Release;
		};
/* End XCConfigurationList section */
	};
	rootObject = 851AC1261D4B5E2200A64E3B /* Project object */;
}
