// !$*UTF8*$!
{
	archiveVersion = 1;
	classes = {
	};
	objectVersion = 46;
	objects = {

/* Begin PBXBuildFile section */
		852CFF811D6AF9A90065C47F /* PageControlViewController.swift in Sources */ = {isa = PBXBuildFile; fileRef = 852CFF7F1D6AF9A90065C47F /* PageControlViewController.swift */; };
		852CFF821D6AF9A90065C47F /* PageControlViewController.xib in Resources */ = {isa = PBXBuildFile; fileRef = 852CFF801D6AF9A90065C47F /* PageControlViewController.xib */; };
		853E5A101D65610E00EF00C5 /* YHRatingControl.swift in Sources */ = {isa = PBXBuildFile; fileRef = 853E5A0F1D65610E00EF00C5 /* YHRatingControl.swift */; };
		853E5A1C1D6563AC00EF00C5 /* star_normal.png in Resources */ = {isa = PBXBuildFile; fileRef = 853E5A161D6563AC00EF00C5 /* star_normal.png */; };
		853E5A1D1D6563AC00EF00C5 /* star_normal@2x.png in Resources */ = {isa = PBXBuildFile; fileRef = 853E5A171D6563AC00EF00C5 /* star_normal@2x.png */; };
		853E5A1E1D6563AC00EF00C5 /* star_normal@3x.png in Resources */ = {isa = PBXBuildFile; fileRef = 853E5A181D6563AC00EF00C5 /* star_normal@3x.png */; };
		853E5A1F1D6563AC00EF00C5 /* star_selected.png in Resources */ = {isa = PBXBuildFile; fileRef = 853E5A191D6563AC00EF00C5 /* star_selected.png */; };
		853E5A201D6563AC00EF00C5 /* star_selected@2x.png in Resources */ = {isa = PBXBuildFile; fileRef = 853E5A1A1D6563AC00EF00C5 /* star_selected@2x.png */; };
		853E5A211D6563AC00EF00C5 /* star_selected@3x.png in Resources */ = {isa = PBXBuildFile; fileRef = 853E5A1B1D6563AC00EF00C5 /* star_selected@3x.png */; };
		853E5A241D65645B00EF00C5 /* RatingViewController.swift in Sources */ = {isa = PBXBuildFile; fileRef = 853E5A221D65645B00EF00C5 /* RatingViewController.swift */; };
		853E5A251D65645B00EF00C5 /* RatingViewController.xib in Resources */ = {isa = PBXBuildFile; fileRef = 853E5A231D65645B00EF00C5 /* RatingViewController.xib */; };
		856B70651D8014F0003FE690 /* YHSelectionView.swift in Sources */ = {isa = PBXBuildFile; fileRef = 856B70641D8014F0003FE690 /* YHSelectionView.swift */; };
		856B70671D801504003FE690 /* SelectionViewController.swift in Sources */ = {isa = PBXBuildFile; fileRef = 856B70661D801504003FE690 /* SelectionViewController.swift */; };
		857C4D771D6711080044E5EB /* YHScrollControl.swift in Sources */ = {isa = PBXBuildFile; fileRef = 857C4D761D6711080044E5EB /* YHScrollControl.swift */; };
		857C4D791D6716890044E5EB /* ScrollControllViewController.swift in Sources */ = {isa = PBXBuildFile; fileRef = 857C4D781D6716890044E5EB /* ScrollControllViewController.swift */; };
		858C9FF61D6C55A2008B4AD7 /* ind_upgrade_1080X1920_1.jpg in Resources */ = {isa = PBXBuildFile; fileRef = 858C9FE01D6C55A2008B4AD7 /* ind_upgrade_1080X1920_1.jpg */; };
		858C9FF71D6C55A2008B4AD7 /* ind_upgrade_1080X1920_2.jpg in Resources */ = {isa = PBXBuildFile; fileRef = 858C9FE11D6C55A2008B4AD7 /* ind_upgrade_1080X1920_2.jpg */; };
		858C9FF81D6C55A2008B4AD7 /* ind_upgrade_1080X1920_3.jpg in Resources */ = {isa = PBXBuildFile; fileRef = 858C9FE21D6C55A2008B4AD7 /* ind_upgrade_1080X1920_3.jpg */; };
		858C9FF91D6C55A2008B4AD7 /* ind_upgrade_1080X1920_4.jpg in Resources */ = {isa = PBXBuildFile; fileRef = 858C9FE31D6C55A2008B4AD7 /* ind_upgrade_1080X1920_4.jpg */; };
		858C9FFA1D6C55A2008B4AD7 /* ind_upgrade_1080X1920_5.jpg in Resources */ = {isa = PBXBuildFile; fileRef = 858C9FE41D6C55A2008B4AD7 /* ind_upgrade_1080X1920_5.jpg */; };
		858C9FFB1D6C55A2008B4AD7 /* ind_upgrade_640X1136_1.jpg in Resources */ = {isa = PBXBuildFile; fileRef = 858C9FE51D6C55A2008B4AD7 /* ind_upgrade_640X1136_1.jpg */; };
		858C9FFC1D6C55A2008B4AD7 /* ind_upgrade_640X1136_2.jpg in Resources */ = {isa = PBXBuildFile; fileRef = 858C9FE61D6C55A2008B4AD7 /* ind_upgrade_640X1136_2.jpg */; };
		858C9FFD1D6C55A2008B4AD7 /* ind_upgrade_640X1136_3.jpg in Resources */ = {isa = PBXBuildFile; fileRef = 858C9FE71D6C55A2008B4AD7 /* ind_upgrade_640X1136_3.jpg */; };
		858C9FFE1D6C55A2008B4AD7 /* ind_upgrade_640X1136_4.jpg in Resources */ = {isa = PBXBuildFile; fileRef = 858C9FE81D6C55A2008B4AD7 /* ind_upgrade_640X1136_4.jpg */; };
		858C9FFF1D6C55A2008B4AD7 /* ind_upgrade_640X1136_5.jpg in Resources */ = {isa = PBXBuildFile; fileRef = 858C9FE91D6C55A2008B4AD7 /* ind_upgrade_640X1136_5.jpg */; };
		858CA0001D6C55A2008B4AD7 /* ind_upgrade_640X960_1.jpg in Resources */ = {isa = PBXBuildFile; fileRef = 858C9FEA1D6C55A2008B4AD7 /* ind_upgrade_640X960_1.jpg */; };
		858CA0011D6C55A2008B4AD7 /* ind_upgrade_640X960_2.jpg in Resources */ = {isa = PBXBuildFile; fileRef = 858C9FEB1D6C55A2008B4AD7 /* ind_upgrade_640X960_2.jpg */; };
		858CA0021D6C55A2008B4AD7 /* ind_upgrade_640X960_3.jpg in Resources */ = {isa = PBXBuildFile; fileRef = 858C9FEC1D6C55A2008B4AD7 /* ind_upgrade_640X960_3.jpg */; };
		858CA0031D6C55A2008B4AD7 /* ind_upgrade_640X960_4.jpg in Resources */ = {isa = PBXBuildFile; fileRef = 858C9FED1D6C55A2008B4AD7 /* ind_upgrade_640X960_4.jpg */; };
		858CA0041D6C55A2008B4AD7 /* ind_upgrade_640X960_5.jpg in Resources */ = {isa = PBXBuildFile; fileRef = 858C9FEE1D6C55A2008B4AD7 /* ind_upgrade_640X960_5.jpg */; };
		858CA0051D6C55A2008B4AD7 /* ind_upgrade_750X1334_1.jpg in Resources */ = {isa = PBXBuildFile; fileRef = 858C9FEF1D6C55A2008B4AD7 /* ind_upgrade_750X1334_1.jpg */; };
		858CA0061D6C55A2008B4AD7 /* ind_upgrade_750X1334_2.jpg in Resources */ = {isa = PBXBuildFile; fileRef = 858C9FF01D6C55A2008B4AD7 /* ind_upgrade_750X1334_2.jpg */; };
		858CA0071D6C55A2008B4AD7 /* ind_upgrade_750X1334_3.jpg in Resources */ = {isa = PBXBuildFile; fileRef = 858C9FF11D6C55A2008B4AD7 /* ind_upgrade_750X1334_3.jpg */; };
		858CA0081D6C55A2008B4AD7 /* ind_upgrade_750X1334_4.jpg in Resources */ = {isa = PBXBuildFile; fileRef = 858C9FF21D6C55A2008B4AD7 /* ind_upgrade_750X1334_4.jpg */; };
		858CA0091D6C55A2008B4AD7 /* ind_upgrade_750X1334_5.jpg in Resources */ = {isa = PBXBuildFile; fileRef = 858C9FF31D6C55A2008B4AD7 /* ind_upgrade_750X1334_5.jpg */; };
		858CA00A1D6C55A2008B4AD7 /* ind_upgrade_start@2x.png in Resources */ = {isa = PBXBuildFile; fileRef = 858C9FF41D6C55A2008B4AD7 /* ind_upgrade_start@2x.png */; };
		858CA00B1D6C55A2008B4AD7 /* ind_upgrade_start@3x.png in Resources */ = {isa = PBXBuildFile; fileRef = 858C9FF51D6C55A2008B4AD7 /* ind_upgrade_start@3x.png */; };
		85C61A961D51D63500A24C96 /* AppDelegate.swift in Sources */ = {isa = PBXBuildFile; fileRef = 85C61A951D51D63500A24C96 /* AppDelegate.swift */; };
		85C61A981D51D63500A24C96 /* ViewController.swift in Sources */ = {isa = PBXBuildFile; fileRef = 85C61A971D51D63500A24C96 /* ViewController.swift */; };
		85C61A9B1D51D63500A24C96 /* Main.storyboard in Resources */ = {isa = PBXBuildFile; fileRef = 85C61A991D51D63500A24C96 /* Main.storyboard */; };
		85C61A9D1D51D63500A24C96 /* Assets.xcassets in Resources */ = {isa = PBXBuildFile; fileRef = 85C61A9C1D51D63500A24C96 /* Assets.xcassets */; };
		85C61AA01D51D63500A24C96 /* LaunchScreen.storyboard in Resources */ = {isa = PBXBuildFile; fileRef = 85C61A9E1D51D63500A24C96 /* LaunchScreen.storyboard */; };
		85C61AEA1D51D68800A24C96 /* MKAnnotationView+WebCache.m in Sources */ = {isa = PBXBuildFile; fileRef = 85C61AAB1D51D68800A24C96 /* MKAnnotationView+WebCache.m */; };
		85C61AEB1D51D68800A24C96 /* NSData+ImageContentType.m in Sources */ = {isa = PBXBuildFile; fileRef = 85C61AAD1D51D68800A24C96 /* NSData+ImageContentType.m */; };
		85C61AEC1D51D68800A24C96 /* SDImageCache.m in Sources */ = {isa = PBXBuildFile; fileRef = 85C61AAF1D51D68800A24C96 /* SDImageCache.m */; };
		85C61AED1D51D68800A24C96 /* SDWebImageCompat.m in Sources */ = {isa = PBXBuildFile; fileRef = 85C61AB11D51D68800A24C96 /* SDWebImageCompat.m */; };
		85C61AEE1D51D68800A24C96 /* SDWebImageDecoder.m in Sources */ = {isa = PBXBuildFile; fileRef = 85C61AB31D51D68800A24C96 /* SDWebImageDecoder.m */; };
		85C61AEF1D51D68800A24C96 /* SDWebImageDownloader.m in Sources */ = {isa = PBXBuildFile; fileRef = 85C61AB51D51D68800A24C96 /* SDWebImageDownloader.m */; };
		85C61AF01D51D68800A24C96 /* SDWebImageDownloaderOperation.m in Sources */ = {isa = PBXBuildFile; fileRef = 85C61AB71D51D68800A24C96 /* SDWebImageDownloaderOperation.m */; };
		85C61AF11D51D68800A24C96 /* SDWebImageManager.m in Sources */ = {isa = PBXBuildFile; fileRef = 85C61AB91D51D68800A24C96 /* SDWebImageManager.m */; };
		85C61AF21D51D68800A24C96 /* SDWebImagePrefetcher.m in Sources */ = {isa = PBXBuildFile; fileRef = 85C61ABC1D51D68800A24C96 /* SDWebImagePrefetcher.m */; };
		85C61AF31D51D68800A24C96 /* UIButton+WebCache.m in Sources */ = {isa = PBXBuildFile; fileRef = 85C61ABE1D51D68800A24C96 /* UIButton+WebCache.m */; };
		85C61AF41D51D68800A24C96 /* UIImage+GIF.m in Sources */ = {isa = PBXBuildFile; fileRef = 85C61AC01D51D68800A24C96 /* UIImage+GIF.m */; };
		85C61AF51D51D68800A24C96 /* UIImage+MultiFormat.m in Sources */ = {isa = PBXBuildFile; fileRef = 85C61AC21D51D68800A24C96 /* UIImage+MultiFormat.m */; };
		85C61AF61D51D68800A24C96 /* UIImage+WebP.m in Sources */ = {isa = PBXBuildFile; fileRef = 85C61AC41D51D68800A24C96 /* UIImage+WebP.m */; };
		85C61AF71D51D68800A24C96 /* UIImageView+HighlightedWebCache.m in Sources */ = {isa = PBXBuildFile; fileRef = 85C61AC61D51D68800A24C96 /* UIImageView+HighlightedWebCache.m */; };
		85C61AF81D51D68800A24C96 /* UIImageView+WebCache.m in Sources */ = {isa = PBXBuildFile; fileRef = 85C61AC81D51D68800A24C96 /* UIImageView+WebCache.m */; };
		85C61AF91D51D68800A24C96 /* UIView+WebCacheOperation.m in Sources */ = {isa = PBXBuildFile; fileRef = 85C61ACA1D51D68800A24C96 /* UIView+WebCacheOperation.m */; };
		85C61AFA1D51D68800A24C96 /* IMG_0010.JPG in Resources */ = {isa = PBXBuildFile; fileRef = 85C61ACC1D51D68800A24C96 /* IMG_0010.JPG */; };
		85C61AFB1D51D68800A24C96 /* IMG_0021.JPG in Resources */ = {isa = PBXBuildFile; fileRef = 85C61ACD1D51D68800A24C96 /* IMG_0021.JPG */; };
		85C61AFC1D51D68800A24C96 /* IMG_0023.JPG in Resources */ = {isa = PBXBuildFile; fileRef = 85C61ACE1D51D68800A24C96 /* IMG_0023.JPG */; };
		85C61AFD1D51D68800A24C96 /* IMG_0149.JPG in Resources */ = {isa = PBXBuildFile; fileRef = 85C61ACF1D51D68800A24C96 /* IMG_0149.JPG */; };
		85C61AFE1D51D68800A24C96 /* IMG_0151.JPG in Resources */ = {isa = PBXBuildFile; fileRef = 85C61AD01D51D68800A24C96 /* IMG_0151.JPG */; };
		85C61AFF1D51D68800A24C96 /* IMG_0166.JPG in Resources */ = {isa = PBXBuildFile; fileRef = 85C61AD11D51D68800A24C96 /* IMG_0166.JPG */; };
		85C61B001D51D68800A24C96 /* pic_default.png in Resources */ = {isa = PBXBuildFile; fileRef = 85C61AD21D51D68800A24C96 /* pic_default.png */; };
		85C61B191D51D9A200A24C96 /* CarouselViewController.swift in Sources */ = {isa = PBXBuildFile; fileRef = 85C61B181D51D9A200A24C96 /* CarouselViewController.swift */; };
		85C61B1B1D51D9AA00A24C96 /* WelcomeViewController.swift in Sources */ = {isa = PBXBuildFile; fileRef = 85C61B1A1D51D9AA00A24C96 /* WelcomeViewController.swift */; };
		85C61B1D1D51E28300A24C96 /* BaseViewController.swift in Sources */ = {isa = PBXBuildFile; fileRef = 85C61B1C1D51E28300A24C96 /* BaseViewController.swift */; };
		85C61B201D51E3C500A24C96 /* YHCarouselView.swift in Sources */ = {isa = PBXBuildFile; fileRef = 85C61B1F1D51E3C500A24C96 /* YHCarouselView.swift */; };
		85C94AD71D6FE06300C62A0A /* YHPasswordField.swift in Sources */ = {isa = PBXBuildFile; fileRef = 85C94AD61D6FE06300C62A0A /* YHPasswordField.swift */; };
		85C94ADA1D6FE29000C62A0A /* PasswordFieldViewController.swift in Sources */ = {isa = PBXBuildFile; fileRef = 85C94AD81D6FE29000C62A0A /* PasswordFieldViewController.swift */; };
		85C94ADB1D6FE29000C62A0A /* PasswordFieldViewController.xib in Resources */ = {isa = PBXBuildFile; fileRef = 85C94AD91D6FE29000C62A0A /* PasswordFieldViewController.xib */; };
		85FC1A4D1D6BEA9100CC15D2 /* YHPageControl.swift in Sources */ = {isa = PBXBuildFile; fileRef = 85FC1A4C1D6BEA9100CC15D2 /* YHPageControl.swift */; };
		85FC1A8D1D6BFD0400CC15D2 /* YHWelcomeView.swift in Sources */ = {isa = PBXBuildFile; fileRef = 85FC1A8C1D6BFD0400CC15D2 /* YHWelcomeView.swift */; };
/* End PBXBuildFile section */

/* Begin PBXFileReference section */
		852CFF7F1D6AF9A90065C47F /* PageControlViewController.swift */ = {isa = PBXFileReference; fileEncoding = 4; lastKnownFileType = sourcecode.swift; path = PageControlViewController.swift; sourceTree = "<group>"; };
		852CFF801D6AF9A90065C47F /* PageControlViewController.xib */ = {isa = PBXFileReference; fileEncoding = 4; lastKnownFileType = file.xib; path = PageControlViewController.xib; sourceTree = "<group>"; };
		853E5A0F1D65610E00EF00C5 /* YHRatingControl.swift */ = {isa = PBXFileReference; fileEncoding = 4; lastKnownFileType = sourcecode.swift; path = YHRatingControl.swift; sourceTree = "<group>"; };
		853E5A161D6563AC00EF00C5 /* star_normal.png */ = {isa = PBXFileReference; lastKnownFileType = image.png; path = star_normal.png; sourceTree = "<group>"; };
		853E5A171D6563AC00EF00C5 /* star_normal@2x.png */ = {isa = PBXFileReference; lastKnownFileType = image.png; path = "star_normal@2x.png"; sourceTree = "<group>"; };
		853E5A181D6563AC00EF00C5 /* star_normal@3x.png */ = {isa = PBXFileReference; lastKnownFileType = image.png; path = "star_normal@3x.png"; sourceTree = "<group>"; };
		853E5A191D6563AC00EF00C5 /* star_selected.png */ = {isa = PBXFileReference; lastKnownFileType = image.png; path = star_selected.png; sourceTree = "<group>"; };
		853E5A1A1D6563AC00EF00C5 /* star_selected@2x.png */ = {isa = PBXFileReference; lastKnownFileType = image.png; path = "star_selected@2x.png"; sourceTree = "<group>"; };
		853E5A1B1D6563AC00EF00C5 /* star_selected@3x.png */ = {isa = PBXFileReference; lastKnownFileType = image.png; path = "star_selected@3x.png"; sourceTree = "<group>"; };
		853E5A221D65645B00EF00C5 /* RatingViewController.swift */ = {isa = PBXFileReference; fileEncoding = 4; lastKnownFileType = sourcecode.swift; path = RatingViewController.swift; sourceTree = "<group>"; };
		853E5A231D65645B00EF00C5 /* RatingViewController.xib */ = {isa = PBXFileReference; fileEncoding = 4; lastKnownFileType = file.xib; path = RatingViewController.xib; sourceTree = "<group>"; };
		856B70641D8014F0003FE690 /* YHSelectionView.swift */ = {isa = PBXFileReference; fileEncoding = 4; lastKnownFileType = sourcecode.swift; path = YHSelectionView.swift; sourceTree = "<group>"; };
		856B70661D801504003FE690 /* SelectionViewController.swift */ = {isa = PBXFileReference; fileEncoding = 4; lastKnownFileType = sourcecode.swift; path = SelectionViewController.swift; sourceTree = "<group>"; };
		857C4D761D6711080044E5EB /* YHScrollControl.swift */ = {isa = PBXFileReference; fileEncoding = 4; lastKnownFileType = sourcecode.swift; path = YHScrollControl.swift; sourceTree = "<group>"; };
		857C4D781D6716890044E5EB /* ScrollControllViewController.swift */ = {isa = PBXFileReference; fileEncoding = 4; lastKnownFileType = sourcecode.swift; path = ScrollControllViewController.swift; sourceTree = "<group>"; };
		857CB6541D5867B500D981F1 /* KitDemo-Swift-Bridging-Header.h */ = {isa = PBXFileReference; fileEncoding = 4; lastKnownFileType = sourcecode.c.h; path = "KitDemo-Swift-Bridging-Header.h"; sourceTree = "<group>"; };
		858C9FE01D6C55A2008B4AD7 /* ind_upgrade_1080X1920_1.jpg */ = {isa = PBXFileReference; lastKnownFileType = image.jpeg; path = ind_upgrade_1080X1920_1.jpg; sourceTree = "<group>"; };
		858C9FE11D6C55A2008B4AD7 /* ind_upgrade_1080X1920_2.jpg */ = {isa = PBXFileReference; lastKnownFileType = image.jpeg; path = ind_upgrade_1080X1920_2.jpg; sourceTree = "<group>"; };
		858C9FE21D6C55A2008B4AD7 /* ind_upgrade_1080X1920_3.jpg */ = {isa = PBXFileReference; lastKnownFileType = image.jpeg; path = ind_upgrade_1080X1920_3.jpg; sourceTree = "<group>"; };
		858C9FE31D6C55A2008B4AD7 /* ind_upgrade_1080X1920_4.jpg */ = {isa = PBXFileReference; lastKnownFileType = image.jpeg; path = ind_upgrade_1080X1920_4.jpg; sourceTree = "<group>"; };
		858C9FE41D6C55A2008B4AD7 /* ind_upgrade_1080X1920_5.jpg */ = {isa = PBXFileReference; lastKnownFileType = image.jpeg; path = ind_upgrade_1080X1920_5.jpg; sourceTree = "<group>"; };
		858C9FE51D6C55A2008B4AD7 /* ind_upgrade_640X1136_1.jpg */ = {isa = PBXFileReference; lastKnownFileType = image.jpeg; path = ind_upgrade_640X1136_1.jpg; sourceTree = "<group>"; };
		858C9FE61D6C55A2008B4AD7 /* ind_upgrade_640X1136_2.jpg */ = {isa = PBXFileReference; lastKnownFileType = image.jpeg; path = ind_upgrade_640X1136_2.jpg; sourceTree = "<group>"; };
		858C9FE71D6C55A2008B4AD7 /* ind_upgrade_640X1136_3.jpg */ = {isa = PBXFileReference; lastKnownFileType = image.jpeg; path = ind_upgrade_640X1136_3.jpg; sourceTree = "<group>"; };
		858C9FE81D6C55A2008B4AD7 /* ind_upgrade_640X1136_4.jpg */ = {isa = PBXFileReference; lastKnownFileType = image.jpeg; path = ind_upgrade_640X1136_4.jpg; sourceTree = "<group>"; };
		858C9FE91D6C55A2008B4AD7 /* ind_upgrade_640X1136_5.jpg */ = {isa = PBXFileReference; lastKnownFileType = image.jpeg; path = ind_upgrade_640X1136_5.jpg; sourceTree = "<group>"; };
		858C9FEA1D6C55A2008B4AD7 /* ind_upgrade_640X960_1.jpg */ = {isa = PBXFileReference; lastKnownFileType = image.jpeg; path = ind_upgrade_640X960_1.jpg; sourceTree = "<group>"; };
		858C9FEB1D6C55A2008B4AD7 /* ind_upgrade_640X960_2.jpg */ = {isa = PBXFileReference; lastKnownFileType = image.jpeg; path = ind_upgrade_640X960_2.jpg; sourceTree = "<group>"; };
		858C9FEC1D6C55A2008B4AD7 /* ind_upgrade_640X960_3.jpg */ = {isa = PBXFileReference; lastKnownFileType = image.jpeg; path = ind_upgrade_640X960_3.jpg; sourceTree = "<group>"; };
		858C9FED1D6C55A2008B4AD7 /* ind_upgrade_640X960_4.jpg */ = {isa = PBXFileReference; lastKnownFileType = image.jpeg; path = ind_upgrade_640X960_4.jpg; sourceTree = "<group>"; };
		858C9FEE1D6C55A2008B4AD7 /* ind_upgrade_640X960_5.jpg */ = {isa = PBXFileReference; lastKnownFileType = image.jpeg; path = ind_upgrade_640X960_5.jpg; sourceTree = "<group>"; };
		858C9FEF1D6C55A2008B4AD7 /* ind_upgrade_750X1334_1.jpg */ = {isa = PBXFileReference; lastKnownFileType = image.jpeg; path = ind_upgrade_750X1334_1.jpg; sourceTree = "<group>"; };
		858C9FF01D6C55A2008B4AD7 /* ind_upgrade_750X1334_2.jpg */ = {isa = PBXFileReference; lastKnownFileType = image.jpeg; path = ind_upgrade_750X1334_2.jpg; sourceTree = "<group>"; };
		858C9FF11D6C55A2008B4AD7 /* ind_upgrade_750X1334_3.jpg */ = {isa = PBXFileReference; lastKnownFileType = image.jpeg; path = ind_upgrade_750X1334_3.jpg; sourceTree = "<group>"; };
		858C9FF21D6C55A2008B4AD7 /* ind_upgrade_750X1334_4.jpg */ = {isa = PBXFileReference; lastKnownFileType = image.jpeg; path = ind_upgrade_750X1334_4.jpg; sourceTree = "<group>"; };
		858C9FF31D6C55A2008B4AD7 /* ind_upgrade_750X1334_5.jpg */ = {isa = PBXFileReference; lastKnownFileType = image.jpeg; path = ind_upgrade_750X1334_5.jpg; sourceTree = "<group>"; };
		858C9FF41D6C55A2008B4AD7 /* ind_upgrade_start@2x.png */ = {isa = PBXFileReference; lastKnownFileType = image.png; path = "ind_upgrade_start@2x.png"; sourceTree = "<group>"; };
		858C9FF51D6C55A2008B4AD7 /* ind_upgrade_start@3x.png */ = {isa = PBXFileReference; lastKnownFileType = image.png; path = "ind_upgrade_start@3x.png"; sourceTree = "<group>"; };
		85C61A921D51D63500A24C96 /* KitDemo-Swift.app */ = {isa = PBXFileReference; explicitFileType = wrapper.application; includeInIndex = 0; path = "KitDemo-Swift.app"; sourceTree = BUILT_PRODUCTS_DIR; };
		85C61A951D51D63500A24C96 /* AppDelegate.swift */ = {isa = PBXFileReference; lastKnownFileType = sourcecode.swift; path = AppDelegate.swift; sourceTree = "<group>"; };
		85C61A971D51D63500A24C96 /* ViewController.swift */ = {isa = PBXFileReference; lastKnownFileType = sourcecode.swift; path = ViewController.swift; sourceTree = "<group>"; };
		85C61A9A1D51D63500A24C96 /* Base */ = {isa = PBXFileReference; lastKnownFileType = file.storyboard; name = Base; path = Base.lproj/Main.storyboard; sourceTree = "<group>"; };
		85C61A9C1D51D63500A24C96 /* Assets.xcassets */ = {isa = PBXFileReference; lastKnownFileType = folder.assetcatalog; path = Assets.xcassets; sourceTree = "<group>"; };
		85C61A9F1D51D63500A24C96 /* Base */ = {isa = PBXFileReference; lastKnownFileType = file.storyboard; name = Base; path = Base.lproj/LaunchScreen.storyboard; sourceTree = "<group>"; };
		85C61AA11D51D63500A24C96 /* Info.plist */ = {isa = PBXFileReference; lastKnownFileType = text.plist.xml; path = Info.plist; sourceTree = "<group>"; };
		85C61AAA1D51D68800A24C96 /* MKAnnotationView+WebCache.h */ = {isa = PBXFileReference; fileEncoding = 4; lastKnownFileType = sourcecode.c.h; path = "MKAnnotationView+WebCache.h"; sourceTree = "<group>"; };
		85C61AAB1D51D68800A24C96 /* MKAnnotationView+WebCache.m */ = {isa = PBXFileReference; fileEncoding = 4; lastKnownFileType = sourcecode.c.objc; path = "MKAnnotationView+WebCache.m"; sourceTree = "<group>"; };
		85C61AAC1D51D68800A24C96 /* NSData+ImageContentType.h */ = {isa = PBXFileReference; fileEncoding = 4; lastKnownFileType = sourcecode.c.h; path = "NSData+ImageContentType.h"; sourceTree = "<group>"; };
		85C61AAD1D51D68800A24C96 /* NSData+ImageContentType.m */ = {isa = PBXFileReference; fileEncoding = 4; lastKnownFileType = sourcecode.c.objc; path = "NSData+ImageContentType.m"; sourceTree = "<group>"; };
		85C61AAE1D51D68800A24C96 /* SDImageCache.h */ = {isa = PBXFileReference; fileEncoding = 4; lastKnownFileType = sourcecode.c.h; path = SDImageCache.h; sourceTree = "<group>"; };
		85C61AAF1D51D68800A24C96 /* SDImageCache.m */ = {isa = PBXFileReference; fileEncoding = 4; lastKnownFileType = sourcecode.c.objc; path = SDImageCache.m; sourceTree = "<group>"; };
		85C61AB01D51D68800A24C96 /* SDWebImageCompat.h */ = {isa = PBXFileReference; fileEncoding = 4; lastKnownFileType = sourcecode.c.h; path = SDWebImageCompat.h; sourceTree = "<group>"; };
		85C61AB11D51D68800A24C96 /* SDWebImageCompat.m */ = {isa = PBXFileReference; fileEncoding = 4; lastKnownFileType = sourcecode.c.objc; path = SDWebImageCompat.m; sourceTree = "<group>"; };
		85C61AB21D51D68800A24C96 /* SDWebImageDecoder.h */ = {isa = PBXFileReference; fileEncoding = 4; lastKnownFileType = sourcecode.c.h; path = SDWebImageDecoder.h; sourceTree = "<group>"; };
		85C61AB31D51D68800A24C96 /* SDWebImageDecoder.m */ = {isa = PBXFileReference; fileEncoding = 4; lastKnownFileType = sourcecode.c.objc; path = SDWebImageDecoder.m; sourceTree = "<group>"; };
		85C61AB41D51D68800A24C96 /* SDWebImageDownloader.h */ = {isa = PBXFileReference; fileEncoding = 4; lastKnownFileType = sourcecode.c.h; path = SDWebImageDownloader.h; sourceTree = "<group>"; };
		85C61AB51D51D68800A24C96 /* SDWebImageDownloader.m */ = {isa = PBXFileReference; fileEncoding = 4; lastKnownFileType = sourcecode.c.objc; path = SDWebImageDownloader.m; sourceTree = "<group>"; };
		85C61AB61D51D68800A24C96 /* SDWebImageDownloaderOperation.h */ = {isa = PBXFileReference; fileEncoding = 4; lastKnownFileType = sourcecode.c.h; path = SDWebImageDownloaderOperation.h; sourceTree = "<group>"; };
		85C61AB71D51D68800A24C96 /* SDWebImageDownloaderOperation.m */ = {isa = PBXFileReference; fileEncoding = 4; lastKnownFileType = sourcecode.c.objc; path = SDWebImageDownloaderOperation.m; sourceTree = "<group>"; };
		85C61AB81D51D68800A24C96 /* SDWebImageManager.h */ = {isa = PBXFileReference; fileEncoding = 4; lastKnownFileType = sourcecode.c.h; path = SDWebImageManager.h; sourceTree = "<group>"; };
		85C61AB91D51D68800A24C96 /* SDWebImageManager.m */ = {isa = PBXFileReference; fileEncoding = 4; lastKnownFileType = sourcecode.c.objc; path = SDWebImageManager.m; sourceTree = "<group>"; };
		85C61ABA1D51D68800A24C96 /* SDWebImageOperation.h */ = {isa = PBXFileReference; fileEncoding = 4; lastKnownFileType = sourcecode.c.h; path = SDWebImageOperation.h; sourceTree = "<group>"; };
		85C61ABB1D51D68800A24C96 /* SDWebImagePrefetcher.h */ = {isa = PBXFileReference; fileEncoding = 4; lastKnownFileType = sourcecode.c.h; path = SDWebImagePrefetcher.h; sourceTree = "<group>"; };
		85C61ABC1D51D68800A24C96 /* SDWebImagePrefetcher.m */ = {isa = PBXFileReference; fileEncoding = 4; lastKnownFileType = sourcecode.c.objc; path = SDWebImagePrefetcher.m; sourceTree = "<group>"; };
		85C61ABD1D51D68800A24C96 /* UIButton+WebCache.h */ = {isa = PBXFileReference; fileEncoding = 4; lastKnownFileType = sourcecode.c.h; path = "UIButton+WebCache.h"; sourceTree = "<group>"; };
		85C61ABE1D51D68800A24C96 /* UIButton+WebCache.m */ = {isa = PBXFileReference; fileEncoding = 4; lastKnownFileType = sourcecode.c.objc; path = "UIButton+WebCache.m"; sourceTree = "<group>"; };
		85C61ABF1D51D68800A24C96 /* UIImage+GIF.h */ = {isa = PBXFileReference; fileEncoding = 4; lastKnownFileType = sourcecode.c.h; path = "UIImage+GIF.h"; sourceTree = "<group>"; };
		85C61AC01D51D68800A24C96 /* UIImage+GIF.m */ = {isa = PBXFileReference; fileEncoding = 4; lastKnownFileType = sourcecode.c.objc; path = "UIImage+GIF.m"; sourceTree = "<group>"; };
		85C61AC11D51D68800A24C96 /* UIImage+MultiFormat.h */ = {isa = PBXFileReference; fileEncoding = 4; lastKnownFileType = sourcecode.c.h; path = "UIImage+MultiFormat.h"; sourceTree = "<group>"; };
		85C61AC21D51D68800A24C96 /* UIImage+MultiFormat.m */ = {isa = PBXFileReference; fileEncoding = 4; lastKnownFileType = sourcecode.c.objc; path = "UIImage+MultiFormat.m"; sourceTree = "<group>"; };
		85C61AC31D51D68800A24C96 /* UIImage+WebP.h */ = {isa = PBXFileReference; fileEncoding = 4; lastKnownFileType = sourcecode.c.h; path = "UIImage+WebP.h"; sourceTree = "<group>"; };
		85C61AC41D51D68800A24C96 /* UIImage+WebP.m */ = {isa = PBXFileReference; fileEncoding = 4; lastKnownFileType = sourcecode.c.objc; path = "UIImage+WebP.m"; sourceTree = "<group>"; };
		85C61AC51D51D68800A24C96 /* UIImageView+HighlightedWebCache.h */ = {isa = PBXFileReference; fileEncoding = 4; lastKnownFileType = sourcecode.c.h; path = "UIImageView+HighlightedWebCache.h"; sourceTree = "<group>"; };
		85C61AC61D51D68800A24C96 /* UIImageView+HighlightedWebCache.m */ = {isa = PBXFileReference; fileEncoding = 4; lastKnownFileType = sourcecode.c.objc; path = "UIImageView+HighlightedWebCache.m"; sourceTree = "<group>"; };
		85C61AC71D51D68800A24C96 /* UIImageView+WebCache.h */ = {isa = PBXFileReference; fileEncoding = 4; lastKnownFileType = sourcecode.c.h; path = "UIImageView+WebCache.h"; sourceTree = "<group>"; };
		85C61AC81D51D68800A24C96 /* UIImageView+WebCache.m */ = {isa = PBXFileReference; fileEncoding = 4; lastKnownFileType = sourcecode.c.objc; path = "UIImageView+WebCache.m"; sourceTree = "<group>"; };
		85C61AC91D51D68800A24C96 /* UIView+WebCacheOperation.h */ = {isa = PBXFileReference; fileEncoding = 4; lastKnownFileType = sourcecode.c.h; path = "UIView+WebCacheOperation.h"; sourceTree = "<group>"; };
		85C61ACA1D51D68800A24C96 /* UIView+WebCacheOperation.m */ = {isa = PBXFileReference; fileEncoding = 4; lastKnownFileType = sourcecode.c.objc; path = "UIView+WebCacheOperation.m"; sourceTree = "<group>"; };
		85C61ACC1D51D68800A24C96 /* IMG_0010.JPG */ = {isa = PBXFileReference; lastKnownFileType = image.jpeg; path = IMG_0010.JPG; sourceTree = "<group>"; };
		85C61ACD1D51D68800A24C96 /* IMG_0021.JPG */ = {isa = PBXFileReference; lastKnownFileType = image.jpeg; path = IMG_0021.JPG; sourceTree = "<group>"; };
		85C61ACE1D51D68800A24C96 /* IMG_0023.JPG */ = {isa = PBXFileReference; lastKnownFileType = image.jpeg; path = IMG_0023.JPG; sourceTree = "<group>"; };
		85C61ACF1D51D68800A24C96 /* IMG_0149.JPG */ = {isa = PBXFileReference; lastKnownFileType = image.jpeg; path = IMG_0149.JPG; sourceTree = "<group>"; };
		85C61AD01D51D68800A24C96 /* IMG_0151.JPG */ = {isa = PBXFileReference; lastKnownFileType = image.jpeg; path = IMG_0151.JPG; sourceTree = "<group>"; };
		85C61AD11D51D68800A24C96 /* IMG_0166.JPG */ = {isa = PBXFileReference; lastKnownFileType = image.jpeg; path = IMG_0166.JPG; sourceTree = "<group>"; };
		85C61AD21D51D68800A24C96 /* pic_default.png */ = {isa = PBXFileReference; lastKnownFileType = image.png; path = pic_default.png; sourceTree = "<group>"; };
		85C61B181D51D9A200A24C96 /* CarouselViewController.swift */ = {isa = PBXFileReference; fileEncoding = 4; lastKnownFileType = sourcecode.swift; path = CarouselViewController.swift; sourceTree = "<group>"; };
		85C61B1A1D51D9AA00A24C96 /* WelcomeViewController.swift */ = {isa = PBXFileReference; fileEncoding = 4; lastKnownFileType = sourcecode.swift; path = WelcomeViewController.swift; sourceTree = "<group>"; };
		85C61B1C1D51E28300A24C96 /* BaseViewController.swift */ = {isa = PBXFileReference; fileEncoding = 4; lastKnownFileType = sourcecode.swift; path = BaseViewController.swift; sourceTree = "<group>"; };
		85C61B1F1D51E3C500A24C96 /* YHCarouselView.swift */ = {isa = PBXFileReference; fileEncoding = 4; lastKnownFileType = sourcecode.swift; path = YHCarouselView.swift; sourceTree = "<group>"; };
		85C94AD61D6FE06300C62A0A /* YHPasswordField.swift */ = {isa = PBXFileReference; fileEncoding = 4; lastKnownFileType = sourcecode.swift; path = YHPasswordField.swift; sourceTree = "<group>"; };
		85C94AD81D6FE29000C62A0A /* PasswordFieldViewController.swift */ = {isa = PBXFileReference; fileEncoding = 4; lastKnownFileType = sourcecode.swift; path = PasswordFieldViewController.swift; sourceTree = "<group>"; };
		85C94AD91D6FE29000C62A0A /* PasswordFieldViewController.xib */ = {isa = PBXFileReference; fileEncoding = 4; lastKnownFileType = file.xib; path = PasswordFieldViewController.xib; sourceTree = "<group>"; };
		85FC1A4C1D6BEA9100CC15D2 /* YHPageControl.swift */ = {isa = PBXFileReference; fileEncoding = 4; lastKnownFileType = sourcecode.swift; path = YHPageControl.swift; sourceTree = "<group>"; };
		85FC1A8C1D6BFD0400CC15D2 /* YHWelcomeView.swift */ = {isa = PBXFileReference; fileEncoding = 4; lastKnownFileType = sourcecode.swift; path = YHWelcomeView.swift; sourceTree = "<group>"; };
/* End PBXFileReference section */

/* Begin PBXFrameworksBuildPhase section */
		85C61A8F1D51D63500A24C96 /* Frameworks */ = {
			isa = PBXFrameworksBuildPhase;
			buildActionMask = 2147483647;
			files = (
			);
			runOnlyForDeploymentPostprocessing = 0;
		};
/* End PBXFrameworksBuildPhase section */

/* Begin PBXGroup section */
		853E5A0E1D65610E00EF00C5 /* RatingControl */ = {
			isa = PBXGroup;
			children = (
				853E5A0F1D65610E00EF00C5 /* YHRatingControl.swift */,
			);
			path = RatingControl;
			sourceTree = "<group>";
		};
		853E5A151D65638100EF00C5 /* Star */ = {
			isa = PBXGroup;
			children = (
				853E5A161D6563AC00EF00C5 /* star_normal.png */,
				853E5A171D6563AC00EF00C5 /* star_normal@2x.png */,
				853E5A181D6563AC00EF00C5 /* star_normal@3x.png */,
				853E5A191D6563AC00EF00C5 /* star_selected.png */,
				853E5A1A1D6563AC00EF00C5 /* star_selected@2x.png */,
				853E5A1B1D6563AC00EF00C5 /* star_selected@3x.png */,
			);
			path = Star;
			sourceTree = "<group>";
		};
		856B70631D8014D1003FE690 /* SelectionView */ = {
			isa = PBXGroup;
			children = (
				856B70641D8014F0003FE690 /* YHSelectionView.swift */,
			);
			path = SelectionView;
			sourceTree = "<group>";
		};
		857C4D751D6711080044E5EB /* ScrollControl */ = {
			isa = PBXGroup;
			children = (
				857C4D761D6711080044E5EB /* YHScrollControl.swift */,
			);
			path = ScrollControl;
			sourceTree = "<group>";
		};
		85C61A891D51D63500A24C96 = {
			isa = PBXGroup;
			children = (
				85C61A941D51D63500A24C96 /* KitDemo-Swift */,
				85C61A931D51D63500A24C96 /* Products */,
			);
			sourceTree = "<group>";
		};
		85C61A931D51D63500A24C96 /* Products */ = {
			isa = PBXGroup;
			children = (
				85C61A921D51D63500A24C96 /* KitDemo-Swift.app */,
			);
			name = Products;
			sourceTree = "<group>";
		};
		85C61A941D51D63500A24C96 /* KitDemo-Swift */ = {
			isa = PBXGroup;
			children = (
				85C61AA81D51D68800A24C96 /* Extensions */,
				85C61ACB1D51D68800A24C96 /* Images */,
				85C61AA71D51D65000A24C96 /* Kit */,
				85C61A951D51D63500A24C96 /* AppDelegate.swift */,
				85C61A971D51D63500A24C96 /* ViewController.swift */,
				85C61B1C1D51E28300A24C96 /* BaseViewController.swift */,
				856B70661D801504003FE690 /* SelectionViewController.swift */,
				85C94AD81D6FE29000C62A0A /* PasswordFieldViewController.swift */,
				85C94AD91D6FE29000C62A0A /* PasswordFieldViewController.xib */,
				852CFF7F1D6AF9A90065C47F /* PageControlViewController.swift */,
				852CFF801D6AF9A90065C47F /* PageControlViewController.xib */,
				857C4D781D6716890044E5EB /* ScrollControllViewController.swift */,
				85C61B181D51D9A200A24C96 /* CarouselViewController.swift */,
				85C61B1A1D51D9AA00A24C96 /* WelcomeViewController.swift */,
				853E5A221D65645B00EF00C5 /* RatingViewController.swift */,
				853E5A231D65645B00EF00C5 /* RatingViewController.xib */,
				85C61A991D51D63500A24C96 /* Main.storyboard */,
				85C61A9C1D51D63500A24C96 /* Assets.xcassets */,
				85C61A9E1D51D63500A24C96 /* LaunchScreen.storyboard */,
				85C61AA11D51D63500A24C96 /* Info.plist */,
				857CB6541D5867B500D981F1 /* KitDemo-Swift-Bridging-Header.h */,
			);
			path = "KitDemo-Swift";
			sourceTree = "<group>";
		};
		85C61AA71D51D65000A24C96 /* Kit */ = {
			isa = PBXGroup;
			children = (
				856B70631D8014D1003FE690 /* SelectionView */,
				85C94AD51D6FE01A00C62A0A /* PasswordField */,
				85FC1A8B1D6BFCDB00CC15D2 /* WelcomeView */,
				85FC1A4B1D6BEA9100CC15D2 /* PageControl */,
				857C4D751D6711080044E5EB /* ScrollControl */,
				853E5A0E1D65610E00EF00C5 /* RatingControl */,
				85C61B1E1D51E39300A24C96 /* CarouselView */,
			);
			path = Kit;
			sourceTree = "<group>";
		};
		85C61AA81D51D68800A24C96 /* Extensions */ = {
			isa = PBXGroup;
			children = (
				85C61AA91D51D68800A24C96 /* SDWebImage */,
			);
			path = Extensions;
			sourceTree = "<group>";
		};
		85C61AA91D51D68800A24C96 /* SDWebImage */ = {
			isa = PBXGroup;
			children = (
				85C61AAA1D51D68800A24C96 /* MKAnnotationView+WebCache.h */,
				85C61AAB1D51D68800A24C96 /* MKAnnotationView+WebCache.m */,
				85C61AAC1D51D68800A24C96 /* NSData+ImageContentType.h */,
				85C61AAD1D51D68800A24C96 /* NSData+ImageContentType.m */,
				85C61AAE1D51D68800A24C96 /* SDImageCache.h */,
				85C61AAF1D51D68800A24C96 /* SDImageCache.m */,
				85C61AB01D51D68800A24C96 /* SDWebImageCompat.h */,
				85C61AB11D51D68800A24C96 /* SDWebImageCompat.m */,
				85C61AB21D51D68800A24C96 /* SDWebImageDecoder.h */,
				85C61AB31D51D68800A24C96 /* SDWebImageDecoder.m */,
				85C61AB41D51D68800A24C96 /* SDWebImageDownloader.h */,
				85C61AB51D51D68800A24C96 /* SDWebImageDownloader.m */,
				85C61AB61D51D68800A24C96 /* SDWebImageDownloaderOperation.h */,
				85C61AB71D51D68800A24C96 /* SDWebImageDownloaderOperation.m */,
				85C61AB81D51D68800A24C96 /* SDWebImageManager.h */,
				85C61AB91D51D68800A24C96 /* SDWebImageManager.m */,
				85C61ABA1D51D68800A24C96 /* SDWebImageOperation.h */,
				85C61ABB1D51D68800A24C96 /* SDWebImagePrefetcher.h */,
				85C61ABC1D51D68800A24C96 /* SDWebImagePrefetcher.m */,
				85C61ABD1D51D68800A24C96 /* UIButton+WebCache.h */,
				85C61ABE1D51D68800A24C96 /* UIButton+WebCache.m */,
				85C61ABF1D51D68800A24C96 /* UIImage+GIF.h */,
				85C61AC01D51D68800A24C96 /* UIImage+GIF.m */,
				85C61AC11D51D68800A24C96 /* UIImage+MultiFormat.h */,
				85C61AC21D51D68800A24C96 /* UIImage+MultiFormat.m */,
				85C61AC31D51D68800A24C96 /* UIImage+WebP.h */,
				85C61AC41D51D68800A24C96 /* UIImage+WebP.m */,
				85C61AC51D51D68800A24C96 /* UIImageView+HighlightedWebCache.h */,
				85C61AC61D51D68800A24C96 /* UIImageView+HighlightedWebCache.m */,
				85C61AC71D51D68800A24C96 /* UIImageView+WebCache.h */,
				85C61AC81D51D68800A24C96 /* UIImageView+WebCache.m */,
				85C61AC91D51D68800A24C96 /* UIView+WebCacheOperation.h */,
				85C61ACA1D51D68800A24C96 /* UIView+WebCacheOperation.m */,
			);
			path = SDWebImage;
			sourceTree = "<group>";
		};
		85C61ACB1D51D68800A24C96 /* Images */ = {
			isa = PBXGroup;
			children = (
				853E5A151D65638100EF00C5 /* Star */,
				85C61ACC1D51D68800A24C96 /* IMG_0010.JPG */,
				85C61ACD1D51D68800A24C96 /* IMG_0021.JPG */,
				85C61ACE1D51D68800A24C96 /* IMG_0023.JPG */,
				85C61ACF1D51D68800A24C96 /* IMG_0149.JPG */,
				85C61AD01D51D68800A24C96 /* IMG_0151.JPG */,
				85C61AD11D51D68800A24C96 /* IMG_0166.JPG */,
				85C61AD21D51D68800A24C96 /* pic_default.png */,
				85C61AD31D51D68800A24C96 /* WelcomeView */,
			);
			path = Images;
			sourceTree = "<group>";
		};
		85C61AD31D51D68800A24C96 /* WelcomeView */ = {
			isa = PBXGroup;
			children = (
				858C9FE01D6C55A2008B4AD7 /* ind_upgrade_1080X1920_1.jpg */,
				858C9FE11D6C55A2008B4AD7 /* ind_upgrade_1080X1920_2.jpg */,
				858C9FE21D6C55A2008B4AD7 /* ind_upgrade_1080X1920_3.jpg */,
				858C9FE31D6C55A2008B4AD7 /* ind_upgrade_1080X1920_4.jpg */,
				858C9FE41D6C55A2008B4AD7 /* ind_upgrade_1080X1920_5.jpg */,
				858C9FE51D6C55A2008B4AD7 /* ind_upgrade_640X1136_1.jpg */,
				858C9FE61D6C55A2008B4AD7 /* ind_upgrade_640X1136_2.jpg */,
				858C9FE71D6C55A2008B4AD7 /* ind_upgrade_640X1136_3.jpg */,
				858C9FE81D6C55A2008B4AD7 /* ind_upgrade_640X1136_4.jpg */,
				858C9FE91D6C55A2008B4AD7 /* ind_upgrade_640X1136_5.jpg */,
				858C9FEA1D6C55A2008B4AD7 /* ind_upgrade_640X960_1.jpg */,
				858C9FEB1D6C55A2008B4AD7 /* ind_upgrade_640X960_2.jpg */,
				858C9FEC1D6C55A2008B4AD7 /* ind_upgrade_640X960_3.jpg */,
				858C9FED1D6C55A2008B4AD7 /* ind_upgrade_640X960_4.jpg */,
				858C9FEE1D6C55A2008B4AD7 /* ind_upgrade_640X960_5.jpg */,
				858C9FEF1D6C55A2008B4AD7 /* ind_upgrade_750X1334_1.jpg */,
				858C9FF01D6C55A2008B4AD7 /* ind_upgrade_750X1334_2.jpg */,
				858C9FF11D6C55A2008B4AD7 /* ind_upgrade_750X1334_3.jpg */,
				858C9FF21D6C55A2008B4AD7 /* ind_upgrade_750X1334_4.jpg */,
				858C9FF31D6C55A2008B4AD7 /* ind_upgrade_750X1334_5.jpg */,
				858C9FF41D6C55A2008B4AD7 /* ind_upgrade_start@2x.png */,
				858C9FF51D6C55A2008B4AD7 /* ind_upgrade_start@3x.png */,
			);
			path = WelcomeView;
			sourceTree = "<group>";
		};
		85C61B1E1D51E39300A24C96 /* CarouselView */ = {
			isa = PBXGroup;
			children = (
				85C61B1F1D51E3C500A24C96 /* YHCarouselView.swift */,
			);
			path = CarouselView;
			sourceTree = "<group>";
		};
		85C94AD51D6FE01A00C62A0A /* PasswordField */ = {
			isa = PBXGroup;
			children = (
				85C94AD61D6FE06300C62A0A /* YHPasswordField.swift */,
			);
			path = PasswordField;
			sourceTree = "<group>";
		};
		85FC1A4B1D6BEA9100CC15D2 /* PageControl */ = {
			isa = PBXGroup;
			children = (
				85FC1A4C1D6BEA9100CC15D2 /* YHPageControl.swift */,
			);
			path = PageControl;
			sourceTree = "<group>";
		};
		85FC1A8B1D6BFCDB00CC15D2 /* WelcomeView */ = {
			isa = PBXGroup;
			children = (
				85FC1A8C1D6BFD0400CC15D2 /* YHWelcomeView.swift */,
			);
			path = WelcomeView;
			sourceTree = "<group>";
		};
/* End PBXGroup section */

/* Begin PBXNativeTarget section */
		85C61A911D51D63500A24C96 /* KitDemo-Swift */ = {
			isa = PBXNativeTarget;
			buildConfigurationList = 85C61AA41D51D63500A24C96 /* Build configuration list for PBXNativeTarget "KitDemo-Swift" */;
			buildPhases = (
				85C61A8E1D51D63500A24C96 /* Sources */,
				85C61A8F1D51D63500A24C96 /* Frameworks */,
				85C61A901D51D63500A24C96 /* Resources */,
			);
			buildRules = (
			);
			dependencies = (
			);
			name = "KitDemo-Swift";
			productName = "KitDemo-Swift";
			productReference = 85C61A921D51D63500A24C96 /* KitDemo-Swift.app */;
			productType = "com.apple.product-type.application";
		};
/* End PBXNativeTarget section */

/* Begin PBXProject section */
		85C61A8A1D51D63500A24C96 /* Project object */ = {
			isa = PBXProject;
			attributes = {
				LastSwiftUpdateCheck = 0730;
				LastUpgradeCheck = 0730;
				ORGANIZATIONNAME = redye;
				TargetAttributes = {
					85C61A911D51D63500A24C96 = {
						CreatedOnToolsVersion = 7.3.1;
					};
				};
			};
			buildConfigurationList = 85C61A8D1D51D63500A24C96 /* Build configuration list for PBXProject "KitDemo-Swift" */;
			compatibilityVersion = "Xcode 3.2";
			developmentRegion = English;
			hasScannedForEncodings = 0;
			knownRegions = (
				en,
				Base,
			);
			mainGroup = 85C61A891D51D63500A24C96;
			productRefGroup = 85C61A931D51D63500A24C96 /* Products */;
			projectDirPath = "";
			projectRoot = "";
			targets = (
				85C61A911D51D63500A24C96 /* KitDemo-Swift */,
			);
		};
/* End PBXProject section */

/* Begin PBXResourcesBuildPhase section */
		85C61A901D51D63500A24C96 /* Resources */ = {
			isa = PBXResourcesBuildPhase;
			buildActionMask = 2147483647;
			files = (
				85C61B001D51D68800A24C96 /* pic_default.png in Resources */,
				858CA0081D6C55A2008B4AD7 /* ind_upgrade_750X1334_4.jpg in Resources */,
				858C9FF71D6C55A2008B4AD7 /* ind_upgrade_1080X1920_2.jpg in Resources */,
				858CA0091D6C55A2008B4AD7 /* ind_upgrade_750X1334_5.jpg in Resources */,
				85C94ADB1D6FE29000C62A0A /* PasswordFieldViewController.xib in Resources */,
				85C61AFF1D51D68800A24C96 /* IMG_0166.JPG in Resources */,
				858CA00A1D6C55A2008B4AD7 /* ind_upgrade_start@2x.png in Resources */,
				858C9FF61D6C55A2008B4AD7 /* ind_upgrade_1080X1920_1.jpg in Resources */,
				853E5A1C1D6563AC00EF00C5 /* star_normal.png in Resources */,
				85C61AFC1D51D68800A24C96 /* IMG_0023.JPG in Resources */,
				858C9FFC1D6C55A2008B4AD7 /* ind_upgrade_640X1136_2.jpg in Resources */,
				858C9FFA1D6C55A2008B4AD7 /* ind_upgrade_1080X1920_5.jpg in Resources */,
				858C9FFB1D6C55A2008B4AD7 /* ind_upgrade_640X1136_1.jpg in Resources */,
				858C9FFD1D6C55A2008B4AD7 /* ind_upgrade_640X1136_3.jpg in Resources */,
				858CA00B1D6C55A2008B4AD7 /* ind_upgrade_start@3x.png in Resources */,
				853E5A201D6563AC00EF00C5 /* star_selected@2x.png in Resources */,
				852CFF821D6AF9A90065C47F /* PageControlViewController.xib in Resources */,
				85C61AFA1D51D68800A24C96 /* IMG_0010.JPG in Resources */,
				858CA0041D6C55A2008B4AD7 /* ind_upgrade_640X960_5.jpg in Resources */,
				858CA0031D6C55A2008B4AD7 /* ind_upgrade_640X960_4.jpg in Resources */,
				858CA0051D6C55A2008B4AD7 /* ind_upgrade_750X1334_1.jpg in Resources */,
				858CA0011D6C55A2008B4AD7 /* ind_upgrade_640X960_2.jpg in Resources */,
				858C9FF81D6C55A2008B4AD7 /* ind_upgrade_1080X1920_3.jpg in Resources */,
				853E5A1E1D6563AC00EF00C5 /* star_normal@3x.png in Resources */,
				858CA0071D6C55A2008B4AD7 /* ind_upgrade_750X1334_3.jpg in Resources */,
				85C61AA01D51D63500A24C96 /* LaunchScreen.storyboard in Resources */,
				853E5A1D1D6563AC00EF00C5 /* star_normal@2x.png in Resources */,
				858CA0001D6C55A2008B4AD7 /* ind_upgrade_640X960_1.jpg in Resources */,
				853E5A251D65645B00EF00C5 /* RatingViewController.xib in Resources */,
				85C61A9D1D51D63500A24C96 /* Assets.xcassets in Resources */,
				858CA0061D6C55A2008B4AD7 /* ind_upgrade_750X1334_2.jpg in Resources */,
				858C9FFF1D6C55A2008B4AD7 /* ind_upgrade_640X1136_5.jpg in Resources */,
				853E5A1F1D6563AC00EF00C5 /* star_selected.png in Resources */,
				85C61AFB1D51D68800A24C96 /* IMG_0021.JPG in Resources */,
				858CA0021D6C55A2008B4AD7 /* ind_upgrade_640X960_3.jpg in Resources */,
				85C61AFD1D51D68800A24C96 /* IMG_0149.JPG in Resources */,
				858C9FFE1D6C55A2008B4AD7 /* ind_upgrade_640X1136_4.jpg in Resources */,
				853E5A211D6563AC00EF00C5 /* star_selected@3x.png in Resources */,
				858C9FF91D6C55A2008B4AD7 /* ind_upgrade_1080X1920_4.jpg in Resources */,
				85C61AFE1D51D68800A24C96 /* IMG_0151.JPG in Resources */,
				85C61A9B1D51D63500A24C96 /* Main.storyboard in Resources */,
			);
			runOnlyForDeploymentPostprocessing = 0;
		};
/* End PBXResourcesBuildPhase section */

/* Begin PBXSourcesBuildPhase section */
		85C61A8E1D51D63500A24C96 /* Sources */ = {
			isa = PBXSourcesBuildPhase;
			buildActionMask = 2147483647;
			files = (
				85C61AF41D51D68800A24C96 /* UIImage+GIF.m in Sources */,
				85C61B1B1D51D9AA00A24C96 /* WelcomeViewController.swift in Sources */,
				85C61AEF1D51D68800A24C96 /* SDWebImageDownloader.m in Sources */,
				852CFF811D6AF9A90065C47F /* PageControlViewController.swift in Sources */,
				85C61AF71D51D68800A24C96 /* UIImageView+HighlightedWebCache.m in Sources */,
				85FC1A8D1D6BFD0400CC15D2 /* YHWelcomeView.swift in Sources */,
				85C61AF31D51D68800A24C96 /* UIButton+WebCache.m in Sources */,
				85C61B201D51E3C500A24C96 /* YHCarouselView.swift in Sources */,
				85C61B1D1D51E28300A24C96 /* BaseViewController.swift in Sources */,
				853E5A101D65610E00EF00C5 /* YHRatingControl.swift in Sources */,
				857C4D771D6711080044E5EB /* YHScrollControl.swift in Sources */,
				85C61AF81D51D68800A24C96 /* UIImageView+WebCache.m in Sources */,
				85C94AD71D6FE06300C62A0A /* YHPasswordField.swift in Sources */,
				853E5A241D65645B00EF00C5 /* RatingViewController.swift in Sources */,
				85C61AEE1D51D68800A24C96 /* SDWebImageDecoder.m in Sources */,
				85FC1A4D1D6BEA9100CC15D2 /* YHPageControl.swift in Sources */,
				856B70671D801504003FE690 /* SelectionViewController.swift in Sources */,
				857C4D791D6716890044E5EB /* ScrollControllViewController.swift in Sources */,
				85C61B191D51D9A200A24C96 /* CarouselViewController.swift in Sources */,
				856B70651D8014F0003FE690 /* YHSelectionView.swift in Sources */,
				85C61A981D51D63500A24C96 /* ViewController.swift in Sources */,
				85C61AED1D51D68800A24C96 /* SDWebImageCompat.m in Sources */,
				85C61A961D51D63500A24C96 /* AppDelegate.swift in Sources */,
				85C61AF61D51D68800A24C96 /* UIImage+WebP.m in Sources */,
				85C61AEB1D51D68800A24C96 /* NSData+ImageContentType.m in Sources */,
				85C94ADA1D6FE29000C62A0A /* PasswordFieldViewController.swift in Sources */,
				85C61AF01D51D68800A24C96 /* SDWebImageDownloaderOperation.m in Sources */,
				85C61AF11D51D68800A24C96 /* SDWebImageManager.m in Sources */,
				85C61AF51D51D68800A24C96 /* UIImage+MultiFormat.m in Sources */,
				85C61AF21D51D68800A24C96 /* SDWebImagePrefetcher.m in Sources */,
				85C61AEA1D51D68800A24C96 /* MKAnnotationView+WebCache.m in Sources */,
				85C61AF91D51D68800A24C96 /* UIView+WebCacheOperation.m in Sources */,
				85C61AEC1D51D68800A24C96 /* SDImageCache.m in Sources */,
			);
			runOnlyForDeploymentPostprocessing = 0;
		};
/* End PBXSourcesBuildPhase section */

/* Begin PBXVariantGroup section */
		85C61A991D51D63500A24C96 /* Main.storyboard */ = {
			isa = PBXVariantGroup;
			children = (
				85C61A9A1D51D63500A24C96 /* Base */,
			);
			name = Main.storyboard;
			sourceTree = "<group>";
		};
		85C61A9E1D51D63500A24C96 /* LaunchScreen.storyboard */ = {
			isa = PBXVariantGroup;
			children = (
				85C61A9F1D51D63500A24C96 /* Base */,
			);
			name = LaunchScreen.storyboard;
			sourceTree = "<group>";
		};
/* End PBXVariantGroup section */

/* Begin XCBuildConfiguration section */
		85C61AA21D51D63500A24C96 /* Debug */ = {
			isa = XCBuildConfiguration;
			buildSettings = {
				ALWAYS_SEARCH_USER_PATHS = NO;
				CLANG_ANALYZER_NONNULL = YES;
				CLANG_CXX_LANGUAGE_STANDARD = "gnu++0x";
				CLANG_CXX_LIBRARY = "libc++";
				CLANG_ENABLE_MODULES = YES;
				CLANG_ENABLE_OBJC_ARC = YES;
				CLANG_WARN_BOOL_CONVERSION = YES;
				CLANG_WARN_CONSTANT_CONVERSION = YES;
				CLANG_WARN_DIRECT_OBJC_ISA_USAGE = YES_ERROR;
				CLANG_WARN_EMPTY_BODY = YES;
				CLANG_WARN_ENUM_CONVERSION = YES;
				CLANG_WARN_INT_CONVERSION = YES;
				CLANG_WARN_OBJC_ROOT_CLASS = YES_ERROR;
				CLANG_WARN_UNREACHABLE_CODE = YES;
				CLANG_WARN__DUPLICATE_METHOD_MATCH = YES;
				"CODE_SIGN_IDENTITY[sdk=iphoneos*]" = "iPhone Developer";
				COPY_PHASE_STRIP = NO;
				DEBUG_INFORMATION_FORMAT = dwarf;
				ENABLE_STRICT_OBJC_MSGSEND = YES;
				ENABLE_TESTABILITY = YES;
				GCC_C_LANGUAGE_STANDARD = gnu99;
				GCC_DYNAMIC_NO_PIC = NO;
				GCC_NO_COMMON_BLOCKS = YES;
				GCC_OPTIMIZATION_LEVEL = 0;
				GCC_PREPROCESSOR_DEFINITIONS = (
					"DEBUG=1",
					"$(inherited)",
				);
				GCC_WARN_64_TO_32_BIT_CONVERSION = YES;
				GCC_WARN_ABOUT_RETURN_TYPE = YES_ERROR;
				GCC_WARN_UNDECLARED_SELECTOR = YES;
				GCC_WARN_UNINITIALIZED_AUTOS = YES_AGGRESSIVE;
				GCC_WARN_UNUSED_FUNCTION = YES;
				GCC_WARN_UNUSED_VARIABLE = YES;
				IPHONEOS_DEPLOYMENT_TARGET = 9.3;
				MTL_ENABLE_DEBUG_INFO = YES;
				ONLY_ACTIVE_ARCH = YES;
				SDKROOT = iphoneos;
				SWIFT_OPTIMIZATION_LEVEL = "-Onone";
				TARGETED_DEVICE_FAMILY = "1,2";
			};
			name = Debug;
		};
		85C61AA31D51D63500A24C96 /* Release */ = {
			isa = XCBuildConfiguration;
			buildSettings = {
				ALWAYS_SEARCH_USER_PATHS = NO;
				CLANG_ANALYZER_NONNULL = YES;
				CLANG_CXX_LANGUAGE_STANDARD = "gnu++0x";
				CLANG_CXX_LIBRARY = "libc++";
				CLANG_ENABLE_MODULES = YES;
				CLANG_ENABLE_OBJC_ARC = YES;
				CLANG_WARN_BOOL_CONVERSION = YES;
				CLANG_WARN_CONSTANT_CONVERSION = YES;
				CLANG_WARN_DIRECT_OBJC_ISA_USAGE = YES_ERROR;
				CLANG_WARN_EMPTY_BODY = YES;
				CLANG_WARN_ENUM_CONVERSION = YES;
				CLANG_WARN_INT_CONVERSION = YES;
				CLANG_WARN_OBJC_ROOT_CLASS = YES_ERROR;
				CLANG_WARN_UNREACHABLE_CODE = YES;
				CLANG_WARN__DUPLICATE_METHOD_MATCH = YES;
				"CODE_SIGN_IDENTITY[sdk=iphoneos*]" = "iPhone Developer";
				COPY_PHASE_STRIP = NO;
				DEBUG_INFORMATION_FORMAT = "dwarf-with-dsym";
				ENABLE_NS_ASSERTIONS = NO;
				ENABLE_STRICT_OBJC_MSGSEND = YES;
				GCC_C_LANGUAGE_STANDARD = gnu99;
				GCC_NO_COMMON_BLOCKS = YES;
				GCC_WARN_64_TO_32_BIT_CONVERSION = YES;
				GCC_WARN_ABOUT_RETURN_TYPE = YES_ERROR;
				GCC_WARN_UNDECLARED_SELECTOR = YES;
				GCC_WARN_UNINITIALIZED_AUTOS = YES_AGGRESSIVE;
				GCC_WARN_UNUSED_FUNCTION = YES;
				GCC_WARN_UNUSED_VARIABLE = YES;
				IPHONEOS_DEPLOYMENT_TARGET = 9.3;
				MTL_ENABLE_DEBUG_INFO = NO;
				SDKROOT = iphoneos;
				TARGETED_DEVICE_FAMILY = "1,2";
				VALIDATE_PRODUCT = YES;
			};
			name = Release;
		};
		85C61AA51D51D63500A24C96 /* Debug */ = {
			isa = XCBuildConfiguration;
			buildSettings = {
				ASSETCATALOG_COMPILER_APPICON_NAME = AppIcon;
				INFOPLIST_FILE = "KitDemo-Swift/Info.plist";
				LD_RUNPATH_SEARCH_PATHS = "$(inherited) @executable_path/Frameworks";
				PRODUCT_BUNDLE_IDENTIFIER = "com.redye.KitDemo-Swift";
				PRODUCT_NAME = "$(TARGET_NAME)";
				SWIFT_OBJC_BRIDGING_HEADER = "$(PROJECT_DIR)/KitDemo-Swift/KitDemo-Swift-Bridging-Header.h";
				TARGETED_DEVICE_FAMILY = 1;
			};
			name = Debug;
		};
		85C61AA61D51D63500A24C96 /* Release */ = {
			isa = XCBuildConfiguration;
			buildSettings = {
				ASSETCATALOG_COMPILER_APPICON_NAME = AppIcon;
				INFOPLIST_FILE = "KitDemo-Swift/Info.plist";
				LD_RUNPATH_SEARCH_PATHS = "$(inherited) @executable_path/Frameworks";
				PRODUCT_BUNDLE_IDENTIFIER = "com.redye.KitDemo-Swift";
				PRODUCT_NAME = "$(TARGET_NAME)";
				SWIFT_OBJC_BRIDGING_HEADER = "$(PROJECT_DIR)/KitDemo-Swift/KitDemo-Swift-Bridging-Header.h";
				TARGETED_DEVICE_FAMILY = 1;
			};
			name = Release;
		};
/* End XCBuildConfiguration section */

/* Begin XCConfigurationList section */
		85C61A8D1D51D63500A24C96 /* Build configuration list for PBXProject "KitDemo-Swift" */ = {
			isa = XCConfigurationList;
			buildConfigurations = (
				85C61AA21D51D63500A24C96 /* Debug */,
				85C61AA31D51D63500A24C96 /* Release */,
			);
			defaultConfigurationIsVisible = 0;
			defaultConfigurationName = Release;
		};
		85C61AA41D51D63500A24C96 /* Build configuration list for PBXNativeTarget "KitDemo-Swift" */ = {
			isa = XCConfigurationList;
			buildConfigurations = (
				85C61AA51D51D63500A24C96 /* Debug */,
				85C61AA61D51D63500A24C96 /* Release */,
			);
			defaultConfigurationIsVisible = 0;
			defaultConfigurationName = Release;
		};
/* End XCConfigurationList section */
	};
	rootObject = 85C61A8A1D51D63500A24C96 /* Project object */;
}
